Microsoft Visual Studio Solution File, Format Version 12.00
# Visual Studio 14
VisualStudioVersion = 14.0.25420.1
MinimumVisualStudioVersion = 10.0.40219.1
Project("{8BC9CEB8-8B4A-11D0-8D11-00A0C91BC942}") = "shader_code", "rsx_program_decompiler\shader_code\shader_code.vcxproj", "{97E17077-A21F-45EF-9C3A-73A0BC092D7E}"
EndProject
Project("{8BC9CEB8-8B4A-11D0-8D11-00A0C91BC942}") = "rsx_decompiler", "rsx_program_decompiler\rsx_decompiler\rsx_decompiler.vcxproj", "{7D73447B-3D2D-4DFE-BF62-57E644C1D09F}"
EndProject
Project("{8BC9CEB8-8B4A-11D0-8D11-00A0C91BC942}") = "libpng", "3rdparty\libpng\projects\vstudio\libpng\libpng.vcxproj", "{D6973076-9317-4EF2-A0B8-B7A18AC0713E}"
	ProjectSection(ProjectDependencies) = postProject
		{60F89955-91C6-3A36-8000-13C592FEC2DF} = {60F89955-91C6-3A36-8000-13C592FEC2DF}
	EndProjectSection
EndProject
Project("{8BC9CEB8-8B4A-11D0-8D11-00A0C91BC942}") = "zlib", "3rdparty\libpng\projects\vstudio\zlib\zlib.vcxproj", "{60F89955-91C6-3A36-8000-13C592FEC2DF}"
EndProject
Project("{8BC9CEB8-8B4A-11D0-8D11-00A0C91BC942}") = "yaml-cpp", "3rdparty\yaml-cpp-build\yaml-cpp.vcxproj", "{FDC361C5-7734-493B-8CFB-037308B35122}"
EndProject
Project("{2150E333-8FDC-42A3-9474-1A3956D46DE8}") = "3rdparty", "3rdparty", "{995D8F93-A705-4A9D-9872-B31B5BBEA399}"
EndProject
Project("{2150E333-8FDC-42A3-9474-1A3956D46DE8}") = "modules", "modules", "{5D70F51A-057D-4784-BBB7-7A3BAD2E3A90}"
EndProject
Project("{2150E333-8FDC-42A3-9474-1A3956D46DE8}") = "gpu", "gpu", "{47124F04-4632-4928-BBDB-2D756C417C9A}"
EndProject
Project("{2150E333-8FDC-42A3-9474-1A3956D46DE8}") = "pad", "pad", "{34677018-86D3-432A-B2BB-80586C130A9C}"
EndProject
Project("{2150E333-8FDC-42A3-9474-1A3956D46DE8}") = "audio", "audio", "{20FDBAFD-1E34-47E9-91E9-D6B8EFD0CB5E}"
EndProject
Project("{2150E333-8FDC-42A3-9474-1A3956D46DE8}") = "keyboard", "keyboard", "{7885F473-7286-4AE4-9DF0-55A77325DC0B}"
EndProject
Project("{2150E333-8FDC-42A3-9474-1A3956D46DE8}") = "mouse", "mouse", "{1663FB57-335A-4B39-BFF1-00C08F5144DF}"
EndProject
Project("{2150E333-8FDC-42A3-9474-1A3956D46DE8}") = "hle", "hle", "{4CF7FFA1-90E4-4E05-9131-BF19B550DD14}"
EndProject
Project("{8BC9CEB8-8B4A-11D0-8D11-00A0C91BC942}") = "opengl", "rpcs3\modules\rsx\gl\opengl.vcxproj", "{3384223A-6D97-4799-9862-359F85312892}"
EndProject
Project("{8BC9CEB8-8B4A-11D0-8D11-00A0C91BC942}") = "rpcs3", "rpcs3\rpcs3.vcxproj", "{C4A10229-4712-4BD2-B63E-50D93C67A038}"
	ProjectSection(ProjectDependencies) = postProject
		{78CB2F39-B809-4A06-8329-8C0A19119D3D} = {78CB2F39-B809-4A06-8329-8C0A19119D3D}
		{3384223A-6D97-4799-9862-359F85312892} = {3384223A-6D97-4799-9862-359F85312892}
		{30A05C4D-F5FD-421C-A864-17A64BDEAA75} = {30A05C4D-F5FD-421C-A864-17A64BDEAA75}
		{60F89955-91C6-3A36-8000-13C592FEC2DF} = {60F89955-91C6-3A36-8000-13C592FEC2DF}
		{7A2E4C6D-5DD6-44CC-84E2-0641590F4BAB} = {7A2E4C6D-5DD6-44CC-84E2-0641590F4BAB}
		{97E17077-A21F-45EF-9C3A-73A0BC092D7E} = {97E17077-A21F-45EF-9C3A-73A0BC092D7E}
		{7D73447B-3D2D-4DFE-BF62-57E644C1D09F} = {7D73447B-3D2D-4DFE-BF62-57E644C1D09F}
		{FED569B9-4533-4433-B1BD-172098EC6ED8} = {FED569B9-4533-4433-B1BD-172098EC6ED8}
	EndProjectSection
EndProject
Project("{8BC9CEB8-8B4A-11D0-8D11-00A0C91BC942}") = "openal", "rpcs3\modules\audio\openal\openal.vcxproj", "{30A05C4D-F5FD-421C-A864-17A64BDEAA75}"
EndProject
Project("{8BC9CEB8-8B4A-11D0-8D11-00A0C91BC942}") = "xaudio", "rpcs3\modules\audio\xaudio\xaudio.vcxproj", "{78CB2F39-B809-4A06-8329-8C0A19119D3D}"
EndProject
Project("{2150E333-8FDC-42A3-9474-1A3956D46DE8}") = "eps3api", "eps3api", "{A008D287-E52F-4DCC-905D-7BA13969C3D2}"
EndProject
Project("{8BC9CEB8-8B4A-11D0-8D11-00A0C91BC942}") = "eps3api", "eps3api\emulator\eps3api.vcxproj", "{7A2E4C6D-5DD6-44CC-84E2-0641590F4BAB}"
EndProject
Project("{2150E333-8FDC-42A3-9474-1A3956D46DE8}") = "eui", "eui", "{1F5B3660-9C3D-4D20-B57B-F418F3B61364}"
EndProject
Project("{8BC9CEB8-8B4A-11D0-8D11-00A0C91BC942}") = "console", "eui\console\console.vcxproj", "{49B99B55-2A2D-46A2-9184-5EEB50D93F28}"
	ProjectSection(ProjectDependencies) = postProject
		{FED569B9-4533-4433-B1BD-172098EC6ED8} = {FED569B9-4533-4433-B1BD-172098EC6ED8}
	EndProjectSection
EndProject
Project("{8BC9CEB8-8B4A-11D0-8D11-00A0C91BC942}") = "utils", "utils\utils.vcxproj", "{FED569B9-4533-4433-B1BD-172098EC6ED8}"
EndProject
Global
	GlobalSection(SolutionConfigurationPlatforms) = preSolution
		Debug|x64 = Debug|x64
		Release|x64 = Release|x64
	EndGlobalSection
	GlobalSection(ProjectConfigurationPlatforms) = postSolution
		{97E17077-A21F-45EF-9C3A-73A0BC092D7E}.Debug|x64.ActiveCfg = Debug|x64
		{97E17077-A21F-45EF-9C3A-73A0BC092D7E}.Debug|x64.Build.0 = Debug|x64
		{97E17077-A21F-45EF-9C3A-73A0BC092D7E}.Release|x64.ActiveCfg = Release|x64
		{97E17077-A21F-45EF-9C3A-73A0BC092D7E}.Release|x64.Build.0 = Release|x64
		{7D73447B-3D2D-4DFE-BF62-57E644C1D09F}.Debug|x64.ActiveCfg = Debug|x64
		{7D73447B-3D2D-4DFE-BF62-57E644C1D09F}.Debug|x64.Build.0 = Debug|x64
		{7D73447B-3D2D-4DFE-BF62-57E644C1D09F}.Release|x64.ActiveCfg = Release|x64
		{7D73447B-3D2D-4DFE-BF62-57E644C1D09F}.Release|x64.Build.0 = Release|x64
		{D6973076-9317-4EF2-A0B8-B7A18AC0713E}.Debug|x64.ActiveCfg = Debug Library|x64
		{D6973076-9317-4EF2-A0B8-B7A18AC0713E}.Debug|x64.Build.0 = Debug Library|x64
		{D6973076-9317-4EF2-A0B8-B7A18AC0713E}.Release|x64.ActiveCfg = Release Library|x64
		{D6973076-9317-4EF2-A0B8-B7A18AC0713E}.Release|x64.Build.0 = Release Library|x64
		{60F89955-91C6-3A36-8000-13C592FEC2DF}.Debug|x64.ActiveCfg = Debug Library|x64
		{60F89955-91C6-3A36-8000-13C592FEC2DF}.Debug|x64.Build.0 = Debug Library|x64
		{60F89955-91C6-3A36-8000-13C592FEC2DF}.Release|x64.ActiveCfg = Release Library|x64
		{60F89955-91C6-3A36-8000-13C592FEC2DF}.Release|x64.Build.0 = Release Library|x64
		{FDC361C5-7734-493B-8CFB-037308B35122}.Debug|x64.ActiveCfg = Debug|x64
		{FDC361C5-7734-493B-8CFB-037308B35122}.Debug|x64.Build.0 = Debug|x64
		{FDC361C5-7734-493B-8CFB-037308B35122}.Release|x64.ActiveCfg = Release|x64
		{FDC361C5-7734-493B-8CFB-037308B35122}.Release|x64.Build.0 = Release|x64
		{3384223A-6D97-4799-9862-359F85312892}.Debug|x64.ActiveCfg = Debug|x64
		{3384223A-6D97-4799-9862-359F85312892}.Debug|x64.Build.0 = Debug|x64
		{3384223A-6D97-4799-9862-359F85312892}.Release|x64.ActiveCfg = Release|x64
		{3384223A-6D97-4799-9862-359F85312892}.Release|x64.Build.0 = Release|x64
		{C4A10229-4712-4BD2-B63E-50D93C67A038}.Debug|x64.ActiveCfg = Debug|x64
		{C4A10229-4712-4BD2-B63E-50D93C67A038}.Debug|x64.Build.0 = Debug|x64
		{C4A10229-4712-4BD2-B63E-50D93C67A038}.Release|x64.ActiveCfg = Release|x64
		{C4A10229-4712-4BD2-B63E-50D93C67A038}.Release|x64.Build.0 = Release|x64
		{30A05C4D-F5FD-421C-A864-17A64BDEAA75}.Debug|x64.ActiveCfg = Debug|x64
		{30A05C4D-F5FD-421C-A864-17A64BDEAA75}.Debug|x64.Build.0 = Debug|x64
		{30A05C4D-F5FD-421C-A864-17A64BDEAA75}.Release|x64.ActiveCfg = Release|x64
		{30A05C4D-F5FD-421C-A864-17A64BDEAA75}.Release|x64.Build.0 = Release|x64
		{78CB2F39-B809-4A06-8329-8C0A19119D3D}.Debug|x64.ActiveCfg = Debug|x64
		{78CB2F39-B809-4A06-8329-8C0A19119D3D}.Debug|x64.Build.0 = Debug|x64
		{78CB2F39-B809-4A06-8329-8C0A19119D3D}.Release|x64.ActiveCfg = Release|x64
		{78CB2F39-B809-4A06-8329-8C0A19119D3D}.Release|x64.Build.0 = Release|x64
		{7A2E4C6D-5DD6-44CC-84E2-0641590F4BAB}.Debug|x64.ActiveCfg = Debug|x64
		{7A2E4C6D-5DD6-44CC-84E2-0641590F4BAB}.Debug|x64.Build.0 = Debug|x64
		{7A2E4C6D-5DD6-44CC-84E2-0641590F4BAB}.Release|x64.ActiveCfg = Release|x64
		{7A2E4C6D-5DD6-44CC-84E2-0641590F4BAB}.Release|x64.Build.0 = Release|x64
		{49B99B55-2A2D-46A2-9184-5EEB50D93F28}.Debug|x64.ActiveCfg = Debug|x64
		{49B99B55-2A2D-46A2-9184-5EEB50D93F28}.Debug|x64.Build.0 = Debug|x64
		{49B99B55-2A2D-46A2-9184-5EEB50D93F28}.Release|x64.ActiveCfg = Release|x64
		{49B99B55-2A2D-46A2-9184-5EEB50D93F28}.Release|x64.Build.0 = Release|x64
		{FED569B9-4533-4433-B1BD-172098EC6ED8}.Debug|x64.ActiveCfg = Debug|x64
		{FED569B9-4533-4433-B1BD-172098EC6ED8}.Debug|x64.Build.0 = Debug|x64
		{FED569B9-4533-4433-B1BD-172098EC6ED8}.Release|x64.ActiveCfg = Release|x64
		{FED569B9-4533-4433-B1BD-172098EC6ED8}.Release|x64.Build.0 = Release|x64
	EndGlobalSection
	GlobalSection(SolutionProperties) = preSolution
		HideSolutionNode = FALSE
	EndGlobalSection
	GlobalSection(NestedProjects) = preSolution
		{D6973076-9317-4EF2-A0B8-B7A18AC0713E} = {995D8F93-A705-4A9D-9872-B31B5BBEA399}
		{60F89955-91C6-3A36-8000-13C592FEC2DF} = {995D8F93-A705-4A9D-9872-B31B5BBEA399}
		{FDC361C5-7734-493B-8CFB-037308B35122} = {995D8F93-A705-4A9D-9872-B31B5BBEA399}
		{47124F04-4632-4928-BBDB-2D756C417C9A} = {5D70F51A-057D-4784-BBB7-7A3BAD2E3A90}
		{34677018-86D3-432A-B2BB-80586C130A9C} = {5D70F51A-057D-4784-BBB7-7A3BAD2E3A90}
		{20FDBAFD-1E34-47E9-91E9-D6B8EFD0CB5E} = {5D70F51A-057D-4784-BBB7-7A3BAD2E3A90}
		{7885F473-7286-4AE4-9DF0-55A77325DC0B} = {5D70F51A-057D-4784-BBB7-7A3BAD2E3A90}
		{1663FB57-335A-4B39-BFF1-00C08F5144DF} = {5D70F51A-057D-4784-BBB7-7A3BAD2E3A90}
		{4CF7FFA1-90E4-4E05-9131-BF19B550DD14} = {5D70F51A-057D-4784-BBB7-7A3BAD2E3A90}
		{3384223A-6D97-4799-9862-359F85312892} = {47124F04-4632-4928-BBDB-2D756C417C9A}
		{30A05C4D-F5FD-421C-A864-17A64BDEAA75} = {20FDBAFD-1E34-47E9-91E9-D6B8EFD0CB5E}
		{78CB2F39-B809-4A06-8329-8C0A19119D3D} = {20FDBAFD-1E34-47E9-91E9-D6B8EFD0CB5E}
		{7A2E4C6D-5DD6-44CC-84E2-0641590F4BAB} = {A008D287-E52F-4DCC-905D-7BA13969C3D2}
		{49B99B55-2A2D-46A2-9184-5EEB50D93F28} = {1F5B3660-9C3D-4D20-B57B-F418F3B61364}
	EndGlobalSection
EndGlobal
