Microsoft Visual Studio Solution File, Format Version 12.00
# Visual Studio 14
VisualStudioVersion = 14.0.25123.0
MinimumVisualStudioVersion = 10.0.40219.1
Project("{8BC9CEB8-8B4A-11D0-8D11-00A0C91BC942}") = "asmjit", "asmjitsrc\asmjit.vcxproj", "{AC40FF01-426E-4838-A317-66354CEFAE88}"
EndProject
Project("{8BC9CEB8-8B4A-11D0-8D11-00A0C91BC942}") = "llvm_build", "llvm_build\llvm_build.vcxproj", "{8BC303AB-25BE-4276-8E57-73F171B2D672}"
EndProject
Project("{8BC9CEB8-8B4A-11D0-8D11-00A0C91BC942}") = "rpcs3-tests", "rpcs3-tests\rpcs3-tests.vcxproj", "{AB222E8A-00CA-4ACF-A87E-5251C16C0587}"
	ProjectSection(ProjectDependencies) = postProject
		{8BC303AB-25BE-4276-8E57-73F171B2D672} = {8BC303AB-25BE-4276-8E57-73F171B2D672}
	EndProjectSection
EndProject
Project("{8BC9CEB8-8B4A-11D0-8D11-00A0C91BC942}") = "shader_code", "rsx_program_decompiler\shader_code\shader_code.vcxproj", "{97E17077-A21F-45EF-9C3A-73A0BC092D7E}"
EndProject
Project("{8BC9CEB8-8B4A-11D0-8D11-00A0C91BC942}") = "rsx_decompiler", "rsx_program_decompiler\rsx_decompiler\rsx_decompiler.vcxproj", "{7D73447B-3D2D-4DFE-BF62-57E644C1D09F}"
EndProject
Project("{8BC9CEB8-8B4A-11D0-8D11-00A0C91BC942}") = "libpng", "3rdparty\libpng\projects\vstudio\libpng\libpng.vcxproj", "{D6973076-9317-4EF2-A0B8-B7A18AC0713E}"
	ProjectSection(ProjectDependencies) = postProject
		{60F89955-91C6-3A36-8000-13C592FEC2DF} = {60F89955-91C6-3A36-8000-13C592FEC2DF}
	EndProjectSection
EndProject
Project("{8BC9CEB8-8B4A-11D0-8D11-00A0C91BC942}") = "zlib", "3rdparty\libpng\projects\vstudio\zlib\zlib.vcxproj", "{60F89955-91C6-3A36-8000-13C592FEC2DF}"
EndProject
Project("{2150E333-8FDC-42A3-9474-1A3956D46DE8}") = "__BUILD_BEFORE", "__BUILD_BEFORE", "{B0AC29FD-7B01-4B5E-9C8D-0A081E4C5668}"
EndProject
Project("{8BC9CEB8-8B4A-11D0-8D11-00A0C91BC942}") = "yaml-cpp", "3rdparty\yaml-cpp-build\yaml-cpp.vcxproj", "{FDC361C5-7734-493B-8CFB-037308B35122}"
EndProject
Project("{2150E333-8FDC-42A3-9474-1A3956D46DE8}") = "3rdparty", "3rdparty", "{995D8F93-A705-4A9D-9872-B31B5BBEA399}"
EndProject
Project("{2150E333-8FDC-42A3-9474-1A3956D46DE8}") = "modules", "modules", "{5D70F51A-057D-4784-BBB7-7A3BAD2E3A90}"
EndProject
Project("{2150E333-8FDC-42A3-9474-1A3956D46DE8}") = "gpu", "gpu", "{47124F04-4632-4928-BBDB-2D756C417C9A}"
EndProject
Project("{2150E333-8FDC-42A3-9474-1A3956D46DE8}") = "pad", "pad", "{34677018-86D3-432A-B2BB-80586C130A9C}"
EndProject
Project("{2150E333-8FDC-42A3-9474-1A3956D46DE8}") = "audio", "audio", "{20FDBAFD-1E34-47E9-91E9-D6B8EFD0CB5E}"
EndProject
Project("{2150E333-8FDC-42A3-9474-1A3956D46DE8}") = "keyboard", "keyboard", "{7885F473-7286-4AE4-9DF0-55A77325DC0B}"
EndProject
Project("{2150E333-8FDC-42A3-9474-1A3956D46DE8}") = "mouse", "mouse", "{1663FB57-335A-4B39-BFF1-00C08F5144DF}"
EndProject
Project("{2150E333-8FDC-42A3-9474-1A3956D46DE8}") = "hle", "hle", "{4CF7FFA1-90E4-4E05-9131-BF19B550DD14}"
EndProject
Project("{8BC9CEB8-8B4A-11D0-8D11-00A0C91BC942}") = "opengl", "rpcs3\modules\rsx\gl\opengl.vcxproj", "{3384223A-6D97-4799-9862-359F85312892}"
EndProject
Project("{8BC9CEB8-8B4A-11D0-8D11-00A0C91BC942}") = "rpcs3", "rpcs3\rpcs3.vcxproj", "{C4A10229-4712-4BD2-B63E-50D93C67A038}"
EndProject
Project("{8BC9CEB8-8B4A-11D0-8D11-00A0C91BC942}") = "openal", "rpcs3\modules\audio\openal\openal.vcxproj", "{30A05C4D-F5FD-421C-A864-17A64BDEAA75}"
EndProject
Project("{8BC9CEB8-8B4A-11D0-8D11-00A0C91BC942}") = "xaudio", "rpcs3\modules\audio\xaudio\xaudio.vcxproj", "{78CB2F39-B809-4A06-8329-8C0A19119D3D}"
EndProject
Project("{2150E333-8FDC-42A3-9474-1A3956D46DE8}") = "eps3api", "eps3api", "{A008D287-E52F-4DCC-905D-7BA13969C3D2}"
EndProject
Project("{8BC9CEB8-8B4A-11D0-8D11-00A0C91BC942}") = "eps3api", "rpcs3\eps3api\emulator\eps3api.vcxproj", "{7A2E4C6D-5DD6-44CC-84E2-0641590F4BAB}"
EndProject
Global
	GlobalSection(SolutionConfigurationPlatforms) = preSolution
		Debug - LLVM|ARM = Debug - LLVM|ARM
		Debug - LLVM|x64 = Debug - LLVM|x64
		Debug - LLVM|x86 = Debug - LLVM|x86
		Debug - MemLeak|ARM = Debug - MemLeak|ARM
		Debug - MemLeak|x64 = Debug - MemLeak|x64
		Debug - MemLeak|x86 = Debug - MemLeak|x86
		Debug Library|ARM = Debug Library|ARM
		Debug Library|x64 = Debug Library|x64
		Debug Library|x86 = Debug Library|x86
		Debug|ARM = Debug|ARM
		Debug|x64 = Debug|x64
		Debug|x86 = Debug|x86
		Release - LLVM|ARM = Release - LLVM|ARM
		Release - LLVM|x64 = Release - LLVM|x64
		Release - LLVM|x86 = Release - LLVM|x86
		Release Library|ARM = Release Library|ARM
		Release Library|x64 = Release Library|x64
		Release Library|x86 = Release Library|x86
		Release|ARM = Release|ARM
		Release|x64 = Release|x64
		Release|x86 = Release|x86
	EndGlobalSection
	GlobalSection(ProjectConfigurationPlatforms) = postSolution
		{AC40FF01-426E-4838-A317-66354CEFAE88}.Debug - LLVM|ARM.ActiveCfg = Debug - LLVM|x64
		{AC40FF01-426E-4838-A317-66354CEFAE88}.Debug - LLVM|x64.ActiveCfg = Debug - LLVM|x64
		{AC40FF01-426E-4838-A317-66354CEFAE88}.Debug - LLVM|x64.Build.0 = Debug - LLVM|x64
		{AC40FF01-426E-4838-A317-66354CEFAE88}.Debug - LLVM|x86.ActiveCfg = Debug - LLVM|x64
		{AC40FF01-426E-4838-A317-66354CEFAE88}.Debug - MemLeak|ARM.ActiveCfg = Debug - MemLeak|x64
		{AC40FF01-426E-4838-A317-66354CEFAE88}.Debug - MemLeak|x64.ActiveCfg = Debug - MemLeak|x64
		{AC40FF01-426E-4838-A317-66354CEFAE88}.Debug - MemLeak|x64.Build.0 = Debug - MemLeak|x64
		{AC40FF01-426E-4838-A317-66354CEFAE88}.Debug - MemLeak|x86.ActiveCfg = Debug - MemLeak|x64
		{AC40FF01-426E-4838-A317-66354CEFAE88}.Debug Library|ARM.ActiveCfg = Release|x64
		{AC40FF01-426E-4838-A317-66354CEFAE88}.Debug Library|ARM.Build.0 = Release|x64
		{AC40FF01-426E-4838-A317-66354CEFAE88}.Debug Library|x64.ActiveCfg = Debug - MemLeak|x64
		{AC40FF01-426E-4838-A317-66354CEFAE88}.Debug Library|x64.Build.0 = Debug - MemLeak|x64
		{AC40FF01-426E-4838-A317-66354CEFAE88}.Debug Library|x86.ActiveCfg = Release|x64
		{AC40FF01-426E-4838-A317-66354CEFAE88}.Debug Library|x86.Build.0 = Release|x64
		{AC40FF01-426E-4838-A317-66354CEFAE88}.Debug|ARM.ActiveCfg = Debug|x64
		{AC40FF01-426E-4838-A317-66354CEFAE88}.Debug|x64.ActiveCfg = Debug|x64
		{AC40FF01-426E-4838-A317-66354CEFAE88}.Debug|x64.Build.0 = Debug|x64
		{AC40FF01-426E-4838-A317-66354CEFAE88}.Debug|x86.ActiveCfg = Debug|x64
		{AC40FF01-426E-4838-A317-66354CEFAE88}.Release - LLVM|ARM.ActiveCfg = Release - LLVM|x64
		{AC40FF01-426E-4838-A317-66354CEFAE88}.Release - LLVM|x64.ActiveCfg = Release - LLVM|x64
		{AC40FF01-426E-4838-A317-66354CEFAE88}.Release - LLVM|x64.Build.0 = Release - LLVM|x64
		{AC40FF01-426E-4838-A317-66354CEFAE88}.Release - LLVM|x86.ActiveCfg = Release - LLVM|x64
		{AC40FF01-426E-4838-A317-66354CEFAE88}.Release Library|ARM.ActiveCfg = Release|x64
		{AC40FF01-426E-4838-A317-66354CEFAE88}.Release Library|ARM.Build.0 = Release|x64
		{AC40FF01-426E-4838-A317-66354CEFAE88}.Release Library|x64.ActiveCfg = Release - LLVM|x64
		{AC40FF01-426E-4838-A317-66354CEFAE88}.Release Library|x64.Build.0 = Release - LLVM|x64
		{AC40FF01-426E-4838-A317-66354CEFAE88}.Release Library|x86.ActiveCfg = Release|x64
		{AC40FF01-426E-4838-A317-66354CEFAE88}.Release Library|x86.Build.0 = Release|x64
		{AC40FF01-426E-4838-A317-66354CEFAE88}.Release|ARM.ActiveCfg = Release|x64
		{AC40FF01-426E-4838-A317-66354CEFAE88}.Release|x64.ActiveCfg = Release|x64
		{AC40FF01-426E-4838-A317-66354CEFAE88}.Release|x64.Build.0 = Release|x64
		{AC40FF01-426E-4838-A317-66354CEFAE88}.Release|x86.ActiveCfg = Release|x64
		{8BC303AB-25BE-4276-8E57-73F171B2D672}.Debug - LLVM|ARM.ActiveCfg = Release|x64
		{8BC303AB-25BE-4276-8E57-73F171B2D672}.Debug - LLVM|ARM.Build.0 = Release|x64
		{8BC303AB-25BE-4276-8E57-73F171B2D672}.Debug - LLVM|x64.ActiveCfg = Debug|x64
		{8BC303AB-25BE-4276-8E57-73F171B2D672}.Debug - LLVM|x86.ActiveCfg = Release|x64
		{8BC303AB-25BE-4276-8E57-73F171B2D672}.Debug - LLVM|x86.Build.0 = Release|x64
		{8BC303AB-25BE-4276-8E57-73F171B2D672}.Debug - MemLeak|ARM.ActiveCfg = Release|x64
		{8BC303AB-25BE-4276-8E57-73F171B2D672}.Debug - MemLeak|ARM.Build.0 = Release|x64
		{8BC303AB-25BE-4276-8E57-73F171B2D672}.Debug - MemLeak|x64.ActiveCfg = Debug|x64
		{8BC303AB-25BE-4276-8E57-73F171B2D672}.Debug - MemLeak|x86.ActiveCfg = Release|x64
		{8BC303AB-25BE-4276-8E57-73F171B2D672}.Debug - MemLeak|x86.Build.0 = Release|x64
		{8BC303AB-25BE-4276-8E57-73F171B2D672}.Debug Library|ARM.ActiveCfg = Release|x64
		{8BC303AB-25BE-4276-8E57-73F171B2D672}.Debug Library|ARM.Build.0 = Release|x64
		{8BC303AB-25BE-4276-8E57-73F171B2D672}.Debug Library|x64.ActiveCfg = Debug|x64
		{8BC303AB-25BE-4276-8E57-73F171B2D672}.Debug Library|x64.Build.0 = Debug|x64
		{8BC303AB-25BE-4276-8E57-73F171B2D672}.Debug Library|x86.ActiveCfg = Release|x64
		{8BC303AB-25BE-4276-8E57-73F171B2D672}.Debug Library|x86.Build.0 = Release|x64
		{8BC303AB-25BE-4276-8E57-73F171B2D672}.Debug|ARM.ActiveCfg = Debug|x64
		{8BC303AB-25BE-4276-8E57-73F171B2D672}.Debug|x64.ActiveCfg = Debug|x64
		{8BC303AB-25BE-4276-8E57-73F171B2D672}.Debug|x86.ActiveCfg = Debug|x64
		{8BC303AB-25BE-4276-8E57-73F171B2D672}.Release - LLVM|ARM.ActiveCfg = Release|x64
		{8BC303AB-25BE-4276-8E57-73F171B2D672}.Release - LLVM|ARM.Build.0 = Release|x64
		{8BC303AB-25BE-4276-8E57-73F171B2D672}.Release - LLVM|x64.ActiveCfg = Release|x64
		{8BC303AB-25BE-4276-8E57-73F171B2D672}.Release - LLVM|x86.ActiveCfg = Release|x64
		{8BC303AB-25BE-4276-8E57-73F171B2D672}.Release - LLVM|x86.Build.0 = Release|x64
		{8BC303AB-25BE-4276-8E57-73F171B2D672}.Release Library|ARM.ActiveCfg = Release|x64
		{8BC303AB-25BE-4276-8E57-73F171B2D672}.Release Library|ARM.Build.0 = Release|x64
		{8BC303AB-25BE-4276-8E57-73F171B2D672}.Release Library|x64.ActiveCfg = Release|x64
		{8BC303AB-25BE-4276-8E57-73F171B2D672}.Release Library|x64.Build.0 = Release|x64
		{8BC303AB-25BE-4276-8E57-73F171B2D672}.Release Library|x86.ActiveCfg = Release|x64
		{8BC303AB-25BE-4276-8E57-73F171B2D672}.Release Library|x86.Build.0 = Release|x64
		{8BC303AB-25BE-4276-8E57-73F171B2D672}.Release|ARM.ActiveCfg = Release|x64
		{8BC303AB-25BE-4276-8E57-73F171B2D672}.Release|x64.ActiveCfg = Release|x64
		{8BC303AB-25BE-4276-8E57-73F171B2D672}.Release|x86.ActiveCfg = Release|x64
		{AB222E8A-00CA-4ACF-A87E-5251C16C0587}.Debug - LLVM|ARM.ActiveCfg = Release|x64
		{AB222E8A-00CA-4ACF-A87E-5251C16C0587}.Debug - LLVM|ARM.Build.0 = Release|x64
		{AB222E8A-00CA-4ACF-A87E-5251C16C0587}.Debug - LLVM|x64.ActiveCfg = Debug|x64
		{AB222E8A-00CA-4ACF-A87E-5251C16C0587}.Debug - LLVM|x86.ActiveCfg = Release|x64
		{AB222E8A-00CA-4ACF-A87E-5251C16C0587}.Debug - LLVM|x86.Build.0 = Release|x64
		{AB222E8A-00CA-4ACF-A87E-5251C16C0587}.Debug - MemLeak|ARM.ActiveCfg = Release|x64
		{AB222E8A-00CA-4ACF-A87E-5251C16C0587}.Debug - MemLeak|ARM.Build.0 = Release|x64
		{AB222E8A-00CA-4ACF-A87E-5251C16C0587}.Debug - MemLeak|x64.ActiveCfg = Debug|x64
		{AB222E8A-00CA-4ACF-A87E-5251C16C0587}.Debug - MemLeak|x86.ActiveCfg = Release|x64
		{AB222E8A-00CA-4ACF-A87E-5251C16C0587}.Debug - MemLeak|x86.Build.0 = Release|x64
		{AB222E8A-00CA-4ACF-A87E-5251C16C0587}.Debug Library|ARM.ActiveCfg = Release|x64
		{AB222E8A-00CA-4ACF-A87E-5251C16C0587}.Debug Library|ARM.Build.0 = Release|x64
		{AB222E8A-00CA-4ACF-A87E-5251C16C0587}.Debug Library|x64.ActiveCfg = Debug|x64
		{AB222E8A-00CA-4ACF-A87E-5251C16C0587}.Debug Library|x64.Build.0 = Debug|x64
		{AB222E8A-00CA-4ACF-A87E-5251C16C0587}.Debug Library|x86.ActiveCfg = Release|x64
		{AB222E8A-00CA-4ACF-A87E-5251C16C0587}.Debug Library|x86.Build.0 = Release|x64
		{AB222E8A-00CA-4ACF-A87E-5251C16C0587}.Debug|ARM.ActiveCfg = Debug|x64
		{AB222E8A-00CA-4ACF-A87E-5251C16C0587}.Debug|x64.ActiveCfg = Debug|x64
		{AB222E8A-00CA-4ACF-A87E-5251C16C0587}.Debug|x86.ActiveCfg = Debug|x64
		{AB222E8A-00CA-4ACF-A87E-5251C16C0587}.Release - LLVM|ARM.ActiveCfg = Release|x64
		{AB222E8A-00CA-4ACF-A87E-5251C16C0587}.Release - LLVM|ARM.Build.0 = Release|x64
		{AB222E8A-00CA-4ACF-A87E-5251C16C0587}.Release - LLVM|x64.ActiveCfg = Release|x64
		{AB222E8A-00CA-4ACF-A87E-5251C16C0587}.Release - LLVM|x86.ActiveCfg = Release|x64
		{AB222E8A-00CA-4ACF-A87E-5251C16C0587}.Release - LLVM|x86.Build.0 = Release|x64
		{AB222E8A-00CA-4ACF-A87E-5251C16C0587}.Release Library|ARM.ActiveCfg = Release|x64
		{AB222E8A-00CA-4ACF-A87E-5251C16C0587}.Release Library|ARM.Build.0 = Release|x64
		{AB222E8A-00CA-4ACF-A87E-5251C16C0587}.Release Library|x64.ActiveCfg = Release|x64
		{AB222E8A-00CA-4ACF-A87E-5251C16C0587}.Release Library|x64.Build.0 = Release|x64
		{AB222E8A-00CA-4ACF-A87E-5251C16C0587}.Release Library|x86.ActiveCfg = Release|x64
		{AB222E8A-00CA-4ACF-A87E-5251C16C0587}.Release Library|x86.Build.0 = Release|x64
		{AB222E8A-00CA-4ACF-A87E-5251C16C0587}.Release|ARM.ActiveCfg = Release|x64
		{AB222E8A-00CA-4ACF-A87E-5251C16C0587}.Release|x64.ActiveCfg = Release|x64
		{AB222E8A-00CA-4ACF-A87E-5251C16C0587}.Release|x86.ActiveCfg = Release|x64
		{97E17077-A21F-45EF-9C3A-73A0BC092D7E}.Debug - LLVM|ARM.ActiveCfg = Release|Win32
		{97E17077-A21F-45EF-9C3A-73A0BC092D7E}.Debug - LLVM|ARM.Build.0 = Release|Win32
		{97E17077-A21F-45EF-9C3A-73A0BC092D7E}.Debug - LLVM|x64.ActiveCfg = Debug|x64
		{97E17077-A21F-45EF-9C3A-73A0BC092D7E}.Debug - LLVM|x64.Build.0 = Debug|x64
		{97E17077-A21F-45EF-9C3A-73A0BC092D7E}.Debug - LLVM|x86.ActiveCfg = Debug|Win32
		{97E17077-A21F-45EF-9C3A-73A0BC092D7E}.Debug - LLVM|x86.Build.0 = Debug|Win32
		{97E17077-A21F-45EF-9C3A-73A0BC092D7E}.Debug - MemLeak|ARM.ActiveCfg = Release|Win32
		{97E17077-A21F-45EF-9C3A-73A0BC092D7E}.Debug - MemLeak|ARM.Build.0 = Release|Win32
		{97E17077-A21F-45EF-9C3A-73A0BC092D7E}.Debug - MemLeak|x64.ActiveCfg = Debug|x64
		{97E17077-A21F-45EF-9C3A-73A0BC092D7E}.Debug - MemLeak|x64.Build.0 = Debug|x64
		{97E17077-A21F-45EF-9C3A-73A0BC092D7E}.Debug - MemLeak|x86.ActiveCfg = Debug|Win32
		{97E17077-A21F-45EF-9C3A-73A0BC092D7E}.Debug - MemLeak|x86.Build.0 = Debug|Win32
		{97E17077-A21F-45EF-9C3A-73A0BC092D7E}.Debug Library|ARM.ActiveCfg = Release|Win32
		{97E17077-A21F-45EF-9C3A-73A0BC092D7E}.Debug Library|ARM.Build.0 = Release|Win32
		{97E17077-A21F-45EF-9C3A-73A0BC092D7E}.Debug Library|x64.ActiveCfg = Debug|x64
		{97E17077-A21F-45EF-9C3A-73A0BC092D7E}.Debug Library|x64.Build.0 = Debug|x64
		{97E17077-A21F-45EF-9C3A-73A0BC092D7E}.Debug Library|x86.ActiveCfg = Debug|Win32
		{97E17077-A21F-45EF-9C3A-73A0BC092D7E}.Debug Library|x86.Build.0 = Debug|Win32
		{97E17077-A21F-45EF-9C3A-73A0BC092D7E}.Debug|ARM.ActiveCfg = Debug|Win32
		{97E17077-A21F-45EF-9C3A-73A0BC092D7E}.Debug|x64.ActiveCfg = Debug|x64
		{97E17077-A21F-45EF-9C3A-73A0BC092D7E}.Debug|x64.Build.0 = Debug|x64
		{97E17077-A21F-45EF-9C3A-73A0BC092D7E}.Debug|x86.ActiveCfg = Debug|Win32
		{97E17077-A21F-45EF-9C3A-73A0BC092D7E}.Debug|x86.Build.0 = Debug|Win32
		{97E17077-A21F-45EF-9C3A-73A0BC092D7E}.Release - LLVM|ARM.ActiveCfg = Release|Win32
		{97E17077-A21F-45EF-9C3A-73A0BC092D7E}.Release - LLVM|ARM.Build.0 = Release|Win32
		{97E17077-A21F-45EF-9C3A-73A0BC092D7E}.Release - LLVM|x64.ActiveCfg = Release|x64
		{97E17077-A21F-45EF-9C3A-73A0BC092D7E}.Release - LLVM|x64.Build.0 = Release|x64
		{97E17077-A21F-45EF-9C3A-73A0BC092D7E}.Release - LLVM|x86.ActiveCfg = Release|Win32
		{97E17077-A21F-45EF-9C3A-73A0BC092D7E}.Release - LLVM|x86.Build.0 = Release|Win32
		{97E17077-A21F-45EF-9C3A-73A0BC092D7E}.Release Library|ARM.ActiveCfg = Release|Win32
		{97E17077-A21F-45EF-9C3A-73A0BC092D7E}.Release Library|ARM.Build.0 = Release|Win32
		{97E17077-A21F-45EF-9C3A-73A0BC092D7E}.Release Library|x64.ActiveCfg = Release|x64
		{97E17077-A21F-45EF-9C3A-73A0BC092D7E}.Release Library|x64.Build.0 = Release|x64
		{97E17077-A21F-45EF-9C3A-73A0BC092D7E}.Release Library|x86.ActiveCfg = Release|Win32
		{97E17077-A21F-45EF-9C3A-73A0BC092D7E}.Release Library|x86.Build.0 = Release|Win32
		{97E17077-A21F-45EF-9C3A-73A0BC092D7E}.Release|ARM.ActiveCfg = Release|Win32
		{97E17077-A21F-45EF-9C3A-73A0BC092D7E}.Release|x64.ActiveCfg = Release|x64
		{97E17077-A21F-45EF-9C3A-73A0BC092D7E}.Release|x64.Build.0 = Release|x64
		{97E17077-A21F-45EF-9C3A-73A0BC092D7E}.Release|x86.ActiveCfg = Release|Win32
		{97E17077-A21F-45EF-9C3A-73A0BC092D7E}.Release|x86.Build.0 = Release|Win32
		{7D73447B-3D2D-4DFE-BF62-57E644C1D09F}.Debug - LLVM|ARM.ActiveCfg = Debug|ARM
		{7D73447B-3D2D-4DFE-BF62-57E644C1D09F}.Debug - LLVM|ARM.Build.0 = Debug|ARM
		{7D73447B-3D2D-4DFE-BF62-57E644C1D09F}.Debug - LLVM|x64.ActiveCfg = Debug|x64
		{7D73447B-3D2D-4DFE-BF62-57E644C1D09F}.Debug - LLVM|x64.Build.0 = Debug|x64
		{7D73447B-3D2D-4DFE-BF62-57E644C1D09F}.Debug - LLVM|x86.ActiveCfg = Debug|Win32
		{7D73447B-3D2D-4DFE-BF62-57E644C1D09F}.Debug - LLVM|x86.Build.0 = Debug|Win32
		{7D73447B-3D2D-4DFE-BF62-57E644C1D09F}.Debug - MemLeak|ARM.ActiveCfg = Debug|ARM
		{7D73447B-3D2D-4DFE-BF62-57E644C1D09F}.Debug - MemLeak|ARM.Build.0 = Debug|ARM
		{7D73447B-3D2D-4DFE-BF62-57E644C1D09F}.Debug - MemLeak|x64.ActiveCfg = Debug|x64
		{7D73447B-3D2D-4DFE-BF62-57E644C1D09F}.Debug - MemLeak|x64.Build.0 = Debug|x64
		{7D73447B-3D2D-4DFE-BF62-57E644C1D09F}.Debug - MemLeak|x86.ActiveCfg = Debug|Win32
		{7D73447B-3D2D-4DFE-BF62-57E644C1D09F}.Debug - MemLeak|x86.Build.0 = Debug|Win32
		{7D73447B-3D2D-4DFE-BF62-57E644C1D09F}.Debug Library|ARM.ActiveCfg = Debug|ARM
		{7D73447B-3D2D-4DFE-BF62-57E644C1D09F}.Debug Library|ARM.Build.0 = Debug|ARM
		{7D73447B-3D2D-4DFE-BF62-57E644C1D09F}.Debug Library|x64.ActiveCfg = Debug|x64
		{7D73447B-3D2D-4DFE-BF62-57E644C1D09F}.Debug Library|x64.Build.0 = Debug|x64
		{7D73447B-3D2D-4DFE-BF62-57E644C1D09F}.Debug Library|x86.ActiveCfg = Debug|Win32
		{7D73447B-3D2D-4DFE-BF62-57E644C1D09F}.Debug Library|x86.Build.0 = Debug|Win32
		{7D73447B-3D2D-4DFE-BF62-57E644C1D09F}.Debug|ARM.ActiveCfg = Debug|ARM
		{7D73447B-3D2D-4DFE-BF62-57E644C1D09F}.Debug|ARM.Build.0 = Debug|ARM
		{7D73447B-3D2D-4DFE-BF62-57E644C1D09F}.Debug|x64.ActiveCfg = Debug|x64
		{7D73447B-3D2D-4DFE-BF62-57E644C1D09F}.Debug|x64.Build.0 = Debug|x64
		{7D73447B-3D2D-4DFE-BF62-57E644C1D09F}.Debug|x86.ActiveCfg = Debug|Win32
		{7D73447B-3D2D-4DFE-BF62-57E644C1D09F}.Debug|x86.Build.0 = Debug|Win32
		{7D73447B-3D2D-4DFE-BF62-57E644C1D09F}.Release - LLVM|ARM.ActiveCfg = Release|ARM
		{7D73447B-3D2D-4DFE-BF62-57E644C1D09F}.Release - LLVM|ARM.Build.0 = Release|ARM
		{7D73447B-3D2D-4DFE-BF62-57E644C1D09F}.Release - LLVM|x64.ActiveCfg = Release|x64
		{7D73447B-3D2D-4DFE-BF62-57E644C1D09F}.Release - LLVM|x64.Build.0 = Release|x64
		{7D73447B-3D2D-4DFE-BF62-57E644C1D09F}.Release - LLVM|x86.ActiveCfg = Release|Win32
		{7D73447B-3D2D-4DFE-BF62-57E644C1D09F}.Release - LLVM|x86.Build.0 = Release|Win32
		{7D73447B-3D2D-4DFE-BF62-57E644C1D09F}.Release Library|ARM.ActiveCfg = Release|ARM
		{7D73447B-3D2D-4DFE-BF62-57E644C1D09F}.Release Library|ARM.Build.0 = Release|ARM
		{7D73447B-3D2D-4DFE-BF62-57E644C1D09F}.Release Library|x64.ActiveCfg = Release|x64
		{7D73447B-3D2D-4DFE-BF62-57E644C1D09F}.Release Library|x64.Build.0 = Release|x64
		{7D73447B-3D2D-4DFE-BF62-57E644C1D09F}.Release Library|x86.ActiveCfg = Release|Win32
		{7D73447B-3D2D-4DFE-BF62-57E644C1D09F}.Release Library|x86.Build.0 = Release|Win32
		{7D73447B-3D2D-4DFE-BF62-57E644C1D09F}.Release|ARM.ActiveCfg = Release|ARM
		{7D73447B-3D2D-4DFE-BF62-57E644C1D09F}.Release|ARM.Build.0 = Release|ARM
		{7D73447B-3D2D-4DFE-BF62-57E644C1D09F}.Release|x64.ActiveCfg = Release|x64
		{7D73447B-3D2D-4DFE-BF62-57E644C1D09F}.Release|x64.Build.0 = Release|x64
		{7D73447B-3D2D-4DFE-BF62-57E644C1D09F}.Release|x86.ActiveCfg = Release|Win32
		{7D73447B-3D2D-4DFE-BF62-57E644C1D09F}.Release|x86.Build.0 = Release|Win32
		{D6973076-9317-4EF2-A0B8-B7A18AC0713E}.Debug - LLVM|ARM.ActiveCfg = Debug Library|Win32
		{D6973076-9317-4EF2-A0B8-B7A18AC0713E}.Debug - LLVM|ARM.Build.0 = Debug Library|Win32
		{D6973076-9317-4EF2-A0B8-B7A18AC0713E}.Debug - LLVM|x64.ActiveCfg = Debug Library|x64
		{D6973076-9317-4EF2-A0B8-B7A18AC0713E}.Debug - LLVM|x64.Build.0 = Debug Library|x64
		{D6973076-9317-4EF2-A0B8-B7A18AC0713E}.Debug - LLVM|x86.ActiveCfg = Debug Library|Win32
		{D6973076-9317-4EF2-A0B8-B7A18AC0713E}.Debug - LLVM|x86.Build.0 = Debug Library|Win32
		{D6973076-9317-4EF2-A0B8-B7A18AC0713E}.Debug - MemLeak|ARM.ActiveCfg = Debug Library|Win32
		{D6973076-9317-4EF2-A0B8-B7A18AC0713E}.Debug - MemLeak|ARM.Build.0 = Debug Library|Win32
		{D6973076-9317-4EF2-A0B8-B7A18AC0713E}.Debug - MemLeak|x64.ActiveCfg = Debug Library|x64
		{D6973076-9317-4EF2-A0B8-B7A18AC0713E}.Debug - MemLeak|x64.Build.0 = Debug Library|x64
		{D6973076-9317-4EF2-A0B8-B7A18AC0713E}.Debug - MemLeak|x86.ActiveCfg = Debug Library|Win32
		{D6973076-9317-4EF2-A0B8-B7A18AC0713E}.Debug - MemLeak|x86.Build.0 = Debug Library|Win32
		{D6973076-9317-4EF2-A0B8-B7A18AC0713E}.Debug Library|ARM.ActiveCfg = Debug Library|Win32
		{D6973076-9317-4EF2-A0B8-B7A18AC0713E}.Debug Library|x64.ActiveCfg = Debug Library|x64
		{D6973076-9317-4EF2-A0B8-B7A18AC0713E}.Debug Library|x64.Build.0 = Debug Library|x64
		{D6973076-9317-4EF2-A0B8-B7A18AC0713E}.Debug Library|x86.ActiveCfg = Debug Library|Win32
		{D6973076-9317-4EF2-A0B8-B7A18AC0713E}.Debug Library|x86.Build.0 = Debug Library|Win32
		{D6973076-9317-4EF2-A0B8-B7A18AC0713E}.Debug|ARM.ActiveCfg = Debug|Win32
		{D6973076-9317-4EF2-A0B8-B7A18AC0713E}.Debug|x64.ActiveCfg = Debug Library|x64
		{D6973076-9317-4EF2-A0B8-B7A18AC0713E}.Debug|x64.Build.0 = Debug Library|x64
		{D6973076-9317-4EF2-A0B8-B7A18AC0713E}.Debug|x86.ActiveCfg = Debug|Win32
		{D6973076-9317-4EF2-A0B8-B7A18AC0713E}.Debug|x86.Build.0 = Debug|Win32
		{D6973076-9317-4EF2-A0B8-B7A18AC0713E}.Release - LLVM|ARM.ActiveCfg = Debug Library|Win32
		{D6973076-9317-4EF2-A0B8-B7A18AC0713E}.Release - LLVM|ARM.Build.0 = Debug Library|Win32
		{D6973076-9317-4EF2-A0B8-B7A18AC0713E}.Release - LLVM|x64.ActiveCfg = Release Library|x64
		{D6973076-9317-4EF2-A0B8-B7A18AC0713E}.Release - LLVM|x64.Build.0 = Release Library|x64
		{D6973076-9317-4EF2-A0B8-B7A18AC0713E}.Release - LLVM|x86.ActiveCfg = Release Library|Win32
		{D6973076-9317-4EF2-A0B8-B7A18AC0713E}.Release - LLVM|x86.Build.0 = Release Library|Win32
		{D6973076-9317-4EF2-A0B8-B7A18AC0713E}.Release Library|ARM.ActiveCfg = Release Library|Win32
		{D6973076-9317-4EF2-A0B8-B7A18AC0713E}.Release Library|x64.ActiveCfg = Release Library|x64
		{D6973076-9317-4EF2-A0B8-B7A18AC0713E}.Release Library|x64.Build.0 = Release Library|x64
		{D6973076-9317-4EF2-A0B8-B7A18AC0713E}.Release Library|x86.ActiveCfg = Release Library|Win32
		{D6973076-9317-4EF2-A0B8-B7A18AC0713E}.Release Library|x86.Build.0 = Release Library|Win32
		{D6973076-9317-4EF2-A0B8-B7A18AC0713E}.Release|ARM.ActiveCfg = Release|Win32
		{D6973076-9317-4EF2-A0B8-B7A18AC0713E}.Release|x64.ActiveCfg = Release Library|x64
		{D6973076-9317-4EF2-A0B8-B7A18AC0713E}.Release|x64.Build.0 = Release Library|x64
		{D6973076-9317-4EF2-A0B8-B7A18AC0713E}.Release|x86.ActiveCfg = Release|Win32
		{D6973076-9317-4EF2-A0B8-B7A18AC0713E}.Release|x86.Build.0 = Release|Win32
		{60F89955-91C6-3A36-8000-13C592FEC2DF}.Debug - LLVM|ARM.ActiveCfg = Debug Library|Win32
		{60F89955-91C6-3A36-8000-13C592FEC2DF}.Debug - LLVM|ARM.Build.0 = Debug Library|Win32
		{60F89955-91C6-3A36-8000-13C592FEC2DF}.Debug - LLVM|x64.ActiveCfg = Debug Library|x64
		{60F89955-91C6-3A36-8000-13C592FEC2DF}.Debug - LLVM|x64.Build.0 = Debug Library|x64
		{60F89955-91C6-3A36-8000-13C592FEC2DF}.Debug - LLVM|x86.ActiveCfg = Debug Library|Win32
		{60F89955-91C6-3A36-8000-13C592FEC2DF}.Debug - LLVM|x86.Build.0 = Debug Library|Win32
		{60F89955-91C6-3A36-8000-13C592FEC2DF}.Debug - MemLeak|ARM.ActiveCfg = Debug Library|Win32
		{60F89955-91C6-3A36-8000-13C592FEC2DF}.Debug - MemLeak|ARM.Build.0 = Debug Library|Win32
		{60F89955-91C6-3A36-8000-13C592FEC2DF}.Debug - MemLeak|x64.ActiveCfg = Debug Library|x64
		{60F89955-91C6-3A36-8000-13C592FEC2DF}.Debug - MemLeak|x64.Build.0 = Debug Library|x64
		{60F89955-91C6-3A36-8000-13C592FEC2DF}.Debug - MemLeak|x86.ActiveCfg = Debug Library|Win32
		{60F89955-91C6-3A36-8000-13C592FEC2DF}.Debug - MemLeak|x86.Build.0 = Debug Library|Win32
		{60F89955-91C6-3A36-8000-13C592FEC2DF}.Debug Library|ARM.ActiveCfg = Debug Library|Win32
		{60F89955-91C6-3A36-8000-13C592FEC2DF}.Debug Library|x64.ActiveCfg = Debug Library|x64
		{60F89955-91C6-3A36-8000-13C592FEC2DF}.Debug Library|x64.Build.0 = Debug Library|x64
		{60F89955-91C6-3A36-8000-13C592FEC2DF}.Debug Library|x86.ActiveCfg = Debug Library|Win32
		{60F89955-91C6-3A36-8000-13C592FEC2DF}.Debug Library|x86.Build.0 = Debug Library|Win32
		{60F89955-91C6-3A36-8000-13C592FEC2DF}.Debug|ARM.ActiveCfg = Debug|Win32
		{60F89955-91C6-3A36-8000-13C592FEC2DF}.Debug|x64.ActiveCfg = Debug Library|x64
		{60F89955-91C6-3A36-8000-13C592FEC2DF}.Debug|x64.Build.0 = Debug Library|x64
		{60F89955-91C6-3A36-8000-13C592FEC2DF}.Debug|x86.ActiveCfg = Debug|Win32
		{60F89955-91C6-3A36-8000-13C592FEC2DF}.Debug|x86.Build.0 = Debug|Win32
		{60F89955-91C6-3A36-8000-13C592FEC2DF}.Release - LLVM|ARM.ActiveCfg = Debug Library|Win32
		{60F89955-91C6-3A36-8000-13C592FEC2DF}.Release - LLVM|ARM.Build.0 = Debug Library|Win32
		{60F89955-91C6-3A36-8000-13C592FEC2DF}.Release - LLVM|x64.ActiveCfg = Release Library|x64
		{60F89955-91C6-3A36-8000-13C592FEC2DF}.Release - LLVM|x64.Build.0 = Release Library|x64
		{60F89955-91C6-3A36-8000-13C592FEC2DF}.Release - LLVM|x86.ActiveCfg = Release Library|Win32
		{60F89955-91C6-3A36-8000-13C592FEC2DF}.Release - LLVM|x86.Build.0 = Release Library|Win32
		{60F89955-91C6-3A36-8000-13C592FEC2DF}.Release Library|ARM.ActiveCfg = Release Library|Win32
		{60F89955-91C6-3A36-8000-13C592FEC2DF}.Release Library|x64.ActiveCfg = Release Library|x64
		{60F89955-91C6-3A36-8000-13C592FEC2DF}.Release Library|x64.Build.0 = Release Library|x64
		{60F89955-91C6-3A36-8000-13C592FEC2DF}.Release Library|x86.ActiveCfg = Release Library|Win32
		{60F89955-91C6-3A36-8000-13C592FEC2DF}.Release Library|x86.Build.0 = Release Library|Win32
		{60F89955-91C6-3A36-8000-13C592FEC2DF}.Release|ARM.ActiveCfg = Release|Win32
		{60F89955-91C6-3A36-8000-13C592FEC2DF}.Release|x64.ActiveCfg = Release Library|x64
		{60F89955-91C6-3A36-8000-13C592FEC2DF}.Release|x64.Build.0 = Release Library|x64
		{60F89955-91C6-3A36-8000-13C592FEC2DF}.Release|x86.ActiveCfg = Release|Win32
		{60F89955-91C6-3A36-8000-13C592FEC2DF}.Release|x86.Build.0 = Release|Win32
		{FDC361C5-7734-493B-8CFB-037308B35122}.Debug - LLVM|ARM.ActiveCfg = Release|x64
		{FDC361C5-7734-493B-8CFB-037308B35122}.Debug - LLVM|ARM.Build.0 = Release|x64
		{FDC361C5-7734-493B-8CFB-037308B35122}.Debug - LLVM|x64.ActiveCfg = Debug|x64
		{FDC361C5-7734-493B-8CFB-037308B35122}.Debug - LLVM|x64.Build.0 = Debug|x64
		{FDC361C5-7734-493B-8CFB-037308B35122}.Debug - LLVM|x86.ActiveCfg = Release|x64
		{FDC361C5-7734-493B-8CFB-037308B35122}.Debug - LLVM|x86.Build.0 = Release|x64
		{FDC361C5-7734-493B-8CFB-037308B35122}.Debug - MemLeak|ARM.ActiveCfg = Release|x64
		{FDC361C5-7734-493B-8CFB-037308B35122}.Debug - MemLeak|ARM.Build.0 = Release|x64
		{FDC361C5-7734-493B-8CFB-037308B35122}.Debug - MemLeak|x64.ActiveCfg = Debug|x64
		{FDC361C5-7734-493B-8CFB-037308B35122}.Debug - MemLeak|x64.Build.0 = Debug|x64
		{FDC361C5-7734-493B-8CFB-037308B35122}.Debug - MemLeak|x86.ActiveCfg = Release|x64
		{FDC361C5-7734-493B-8CFB-037308B35122}.Debug - MemLeak|x86.Build.0 = Release|x64
		{FDC361C5-7734-493B-8CFB-037308B35122}.Debug Library|ARM.ActiveCfg = Release|x64
		{FDC361C5-7734-493B-8CFB-037308B35122}.Debug Library|ARM.Build.0 = Release|x64
		{FDC361C5-7734-493B-8CFB-037308B35122}.Debug Library|x64.ActiveCfg = Debug|x64
		{FDC361C5-7734-493B-8CFB-037308B35122}.Debug Library|x64.Build.0 = Debug|x64
		{FDC361C5-7734-493B-8CFB-037308B35122}.Debug Library|x86.ActiveCfg = Release|x64
		{FDC361C5-7734-493B-8CFB-037308B35122}.Debug Library|x86.Build.0 = Release|x64
		{FDC361C5-7734-493B-8CFB-037308B35122}.Debug|ARM.ActiveCfg = Debug|x64
		{FDC361C5-7734-493B-8CFB-037308B35122}.Debug|x64.ActiveCfg = Debug|x64
		{FDC361C5-7734-493B-8CFB-037308B35122}.Debug|x64.Build.0 = Debug|x64
		{FDC361C5-7734-493B-8CFB-037308B35122}.Debug|x86.ActiveCfg = Debug|x64
		{FDC361C5-7734-493B-8CFB-037308B35122}.Release - LLVM|ARM.ActiveCfg = Release|x64
		{FDC361C5-7734-493B-8CFB-037308B35122}.Release - LLVM|ARM.Build.0 = Release|x64
		{FDC361C5-7734-493B-8CFB-037308B35122}.Release - LLVM|x64.ActiveCfg = Release|x64
		{FDC361C5-7734-493B-8CFB-037308B35122}.Release - LLVM|x64.Build.0 = Release|x64
		{FDC361C5-7734-493B-8CFB-037308B35122}.Release - LLVM|x86.ActiveCfg = Release|x64
		{FDC361C5-7734-493B-8CFB-037308B35122}.Release - LLVM|x86.Build.0 = Release|x64
		{FDC361C5-7734-493B-8CFB-037308B35122}.Release Library|ARM.ActiveCfg = Release|x64
		{FDC361C5-7734-493B-8CFB-037308B35122}.Release Library|ARM.Build.0 = Release|x64
		{FDC361C5-7734-493B-8CFB-037308B35122}.Release Library|x64.ActiveCfg = Release|x64
		{FDC361C5-7734-493B-8CFB-037308B35122}.Release Library|x64.Build.0 = Release|x64
		{FDC361C5-7734-493B-8CFB-037308B35122}.Release Library|x86.ActiveCfg = Release|x64
		{FDC361C5-7734-493B-8CFB-037308B35122}.Release Library|x86.Build.0 = Release|x64
		{FDC361C5-7734-493B-8CFB-037308B35122}.Release|ARM.ActiveCfg = Release|x64
		{FDC361C5-7734-493B-8CFB-037308B35122}.Release|x64.ActiveCfg = Release|x64
		{FDC361C5-7734-493B-8CFB-037308B35122}.Release|x64.Build.0 = Release|x64
		{FDC361C5-7734-493B-8CFB-037308B35122}.Release|x86.ActiveCfg = Release|x64
		{3384223A-6D97-4799-9862-359F85312892}.Debug - LLVM|ARM.ActiveCfg = Debug - LLVM|x64
		{3384223A-6D97-4799-9862-359F85312892}.Debug - LLVM|x64.ActiveCfg = Debug - LLVM|x64
		{3384223A-6D97-4799-9862-359F85312892}.Debug - LLVM|x64.Build.0 = Debug - LLVM|x64
		{3384223A-6D97-4799-9862-359F85312892}.Debug - LLVM|x86.ActiveCfg = Debug - LLVM|x64
		{3384223A-6D97-4799-9862-359F85312892}.Debug - MemLeak|ARM.ActiveCfg = Debug - MemLeak|x64
		{3384223A-6D97-4799-9862-359F85312892}.Debug - MemLeak|x64.ActiveCfg = Debug - MemLeak|x64
		{3384223A-6D97-4799-9862-359F85312892}.Debug - MemLeak|x64.Build.0 = Debug - MemLeak|x64
		{3384223A-6D97-4799-9862-359F85312892}.Debug - MemLeak|x86.ActiveCfg = Debug - MemLeak|x64
		{3384223A-6D97-4799-9862-359F85312892}.Debug Library|ARM.ActiveCfg = Debug - LLVM|x64
		{3384223A-6D97-4799-9862-359F85312892}.Debug Library|ARM.Build.0 = Debug - LLVM|x64
		{3384223A-6D97-4799-9862-359F85312892}.Debug Library|x64.ActiveCfg = Debug - LLVM|x64
		{3384223A-6D97-4799-9862-359F85312892}.Debug Library|x64.Build.0 = Debug - LLVM|x64
		{3384223A-6D97-4799-9862-359F85312892}.Debug Library|x86.ActiveCfg = Debug - LLVM|x64
		{3384223A-6D97-4799-9862-359F85312892}.Debug Library|x86.Build.0 = Debug - LLVM|x64
		{3384223A-6D97-4799-9862-359F85312892}.Debug|ARM.ActiveCfg = Debug|x64
		{3384223A-6D97-4799-9862-359F85312892}.Debug|x64.ActiveCfg = Debug|x64
		{3384223A-6D97-4799-9862-359F85312892}.Debug|x64.Build.0 = Debug|x64
		{3384223A-6D97-4799-9862-359F85312892}.Debug|x86.ActiveCfg = Debug|x64
		{3384223A-6D97-4799-9862-359F85312892}.Release - LLVM|ARM.ActiveCfg = Release - LLVM|x64
		{3384223A-6D97-4799-9862-359F85312892}.Release - LLVM|x64.ActiveCfg = Release - LLVM|x64
		{3384223A-6D97-4799-9862-359F85312892}.Release - LLVM|x64.Build.0 = Release - LLVM|x64
		{3384223A-6D97-4799-9862-359F85312892}.Release - LLVM|x86.ActiveCfg = Release - LLVM|x64
		{3384223A-6D97-4799-9862-359F85312892}.Release Library|ARM.ActiveCfg = Debug - LLVM|x64
		{3384223A-6D97-4799-9862-359F85312892}.Release Library|ARM.Build.0 = Debug - LLVM|x64
		{3384223A-6D97-4799-9862-359F85312892}.Release Library|x64.ActiveCfg = Release - LLVM|x64
		{3384223A-6D97-4799-9862-359F85312892}.Release Library|x64.Build.0 = Release - LLVM|x64
		{3384223A-6D97-4799-9862-359F85312892}.Release Library|x86.ActiveCfg = Debug - LLVM|x64
		{3384223A-6D97-4799-9862-359F85312892}.Release Library|x86.Build.0 = Debug - LLVM|x64
		{3384223A-6D97-4799-9862-359F85312892}.Release|ARM.ActiveCfg = Release|x64
		{3384223A-6D97-4799-9862-359F85312892}.Release|x64.ActiveCfg = Release|x64
		{3384223A-6D97-4799-9862-359F85312892}.Release|x64.Build.0 = Release|x64
		{3384223A-6D97-4799-9862-359F85312892}.Release|x86.ActiveCfg = Release|x64
		{C4A10229-4712-4BD2-B63E-50D93C67A038}.Debug - LLVM|ARM.ActiveCfg = Debug - LLVM|x64
		{C4A10229-4712-4BD2-B63E-50D93C67A038}.Debug - LLVM|x64.ActiveCfg = Debug - LLVM|x64
		{C4A10229-4712-4BD2-B63E-50D93C67A038}.Debug - LLVM|x64.Build.0 = Debug - LLVM|x64
		{C4A10229-4712-4BD2-B63E-50D93C67A038}.Debug - LLVM|x86.ActiveCfg = Debug - LLVM|x64
		{C4A10229-4712-4BD2-B63E-50D93C67A038}.Debug - MemLeak|ARM.ActiveCfg = Debug - MemLeak|x64
		{C4A10229-4712-4BD2-B63E-50D93C67A038}.Debug - MemLeak|x64.ActiveCfg = Debug - MemLeak|x64
		{C4A10229-4712-4BD2-B63E-50D93C67A038}.Debug - MemLeak|x64.Build.0 = Debug - MemLeak|x64
		{C4A10229-4712-4BD2-B63E-50D93C67A038}.Debug - MemLeak|x86.ActiveCfg = Debug - MemLeak|x64
		{C4A10229-4712-4BD2-B63E-50D93C67A038}.Debug Library|ARM.ActiveCfg = Debug - LLVM|x64
		{C4A10229-4712-4BD2-B63E-50D93C67A038}.Debug Library|ARM.Build.0 = Debug - LLVM|x64
		{C4A10229-4712-4BD2-B63E-50D93C67A038}.Debug Library|x64.ActiveCfg = Debug - LLVM|x64
		{C4A10229-4712-4BD2-B63E-50D93C67A038}.Debug Library|x64.Build.0 = Debug - LLVM|x64
		{C4A10229-4712-4BD2-B63E-50D93C67A038}.Debug Library|x86.ActiveCfg = Debug - LLVM|x64
		{C4A10229-4712-4BD2-B63E-50D93C67A038}.Debug Library|x86.Build.0 = Debug - LLVM|x64
		{C4A10229-4712-4BD2-B63E-50D93C67A038}.Debug|ARM.ActiveCfg = Debug|x64
		{C4A10229-4712-4BD2-B63E-50D93C67A038}.Debug|x64.ActiveCfg = Debug|x64
		{C4A10229-4712-4BD2-B63E-50D93C67A038}.Debug|x64.Build.0 = Debug|x64
		{C4A10229-4712-4BD2-B63E-50D93C67A038}.Debug|x86.ActiveCfg = Debug|x64
		{C4A10229-4712-4BD2-B63E-50D93C67A038}.Release - LLVM|ARM.ActiveCfg = Release - LLVM|x64
		{C4A10229-4712-4BD2-B63E-50D93C67A038}.Release - LLVM|x64.ActiveCfg = Release - LLVM|x64
		{C4A10229-4712-4BD2-B63E-50D93C67A038}.Release - LLVM|x64.Build.0 = Release - LLVM|x64
		{C4A10229-4712-4BD2-B63E-50D93C67A038}.Release - LLVM|x86.ActiveCfg = Release - LLVM|x64
		{C4A10229-4712-4BD2-B63E-50D93C67A038}.Release Library|ARM.ActiveCfg = Debug - LLVM|x64
		{C4A10229-4712-4BD2-B63E-50D93C67A038}.Release Library|ARM.Build.0 = Debug - LLVM|x64
		{C4A10229-4712-4BD2-B63E-50D93C67A038}.Release Library|x64.ActiveCfg = Release - LLVM|x64
		{C4A10229-4712-4BD2-B63E-50D93C67A038}.Release Library|x64.Build.0 = Release - LLVM|x64
		{C4A10229-4712-4BD2-B63E-50D93C67A038}.Release Library|x86.ActiveCfg = Debug - LLVM|x64
		{C4A10229-4712-4BD2-B63E-50D93C67A038}.Release Library|x86.Build.0 = Debug - LLVM|x64
		{C4A10229-4712-4BD2-B63E-50D93C67A038}.Release|ARM.ActiveCfg = Release|x64
		{C4A10229-4712-4BD2-B63E-50D93C67A038}.Release|x64.ActiveCfg = Release|x64
		{C4A10229-4712-4BD2-B63E-50D93C67A038}.Release|x64.Build.0 = Release|x64
		{C4A10229-4712-4BD2-B63E-50D93C67A038}.Release|x86.ActiveCfg = Release|x64
		{30A05C4D-F5FD-421C-A864-17A64BDEAA75}.Debug - LLVM|ARM.ActiveCfg = Debug - LLVM|x64
		{30A05C4D-F5FD-421C-A864-17A64BDEAA75}.Debug - LLVM|x64.ActiveCfg = Debug - LLVM|x64
		{30A05C4D-F5FD-421C-A864-17A64BDEAA75}.Debug - LLVM|x64.Build.0 = Debug - LLVM|x64
		{30A05C4D-F5FD-421C-A864-17A64BDEAA75}.Debug - LLVM|x86.ActiveCfg = Debug - LLVM|x64
		{30A05C4D-F5FD-421C-A864-17A64BDEAA75}.Debug - MemLeak|ARM.ActiveCfg = Debug - MemLeak|x64
		{30A05C4D-F5FD-421C-A864-17A64BDEAA75}.Debug - MemLeak|x64.ActiveCfg = Debug - MemLeak|x64
		{30A05C4D-F5FD-421C-A864-17A64BDEAA75}.Debug - MemLeak|x64.Build.0 = Debug - MemLeak|x64
		{30A05C4D-F5FD-421C-A864-17A64BDEAA75}.Debug - MemLeak|x86.ActiveCfg = Debug - MemLeak|x64
		{30A05C4D-F5FD-421C-A864-17A64BDEAA75}.Debug Library|ARM.ActiveCfg = Debug - LLVM|x64
		{30A05C4D-F5FD-421C-A864-17A64BDEAA75}.Debug Library|ARM.Build.0 = Debug - LLVM|x64
		{30A05C4D-F5FD-421C-A864-17A64BDEAA75}.Debug Library|x64.ActiveCfg = Debug - LLVM|x64
		{30A05C4D-F5FD-421C-A864-17A64BDEAA75}.Debug Library|x64.Build.0 = Debug - LLVM|x64
		{30A05C4D-F5FD-421C-A864-17A64BDEAA75}.Debug Library|x86.ActiveCfg = Debug - LLVM|x64
		{30A05C4D-F5FD-421C-A864-17A64BDEAA75}.Debug Library|x86.Build.0 = Debug - LLVM|x64
		{30A05C4D-F5FD-421C-A864-17A64BDEAA75}.Debug|ARM.ActiveCfg = Debug|x64
		{30A05C4D-F5FD-421C-A864-17A64BDEAA75}.Debug|x64.ActiveCfg = Debug|x64
		{30A05C4D-F5FD-421C-A864-17A64BDEAA75}.Debug|x64.Build.0 = Debug|x64
		{30A05C4D-F5FD-421C-A864-17A64BDEAA75}.Debug|x86.ActiveCfg = Debug|x64
		{30A05C4D-F5FD-421C-A864-17A64BDEAA75}.Release - LLVM|ARM.ActiveCfg = Release - LLVM|x64
		{30A05C4D-F5FD-421C-A864-17A64BDEAA75}.Release - LLVM|x64.ActiveCfg = Release - LLVM|x64
		{30A05C4D-F5FD-421C-A864-17A64BDEAA75}.Release - LLVM|x64.Build.0 = Release - LLVM|x64
		{30A05C4D-F5FD-421C-A864-17A64BDEAA75}.Release - LLVM|x86.ActiveCfg = Release - LLVM|x64
		{30A05C4D-F5FD-421C-A864-17A64BDEAA75}.Release Library|ARM.ActiveCfg = Debug - LLVM|x64
		{30A05C4D-F5FD-421C-A864-17A64BDEAA75}.Release Library|ARM.Build.0 = Debug - LLVM|x64
		{30A05C4D-F5FD-421C-A864-17A64BDEAA75}.Release Library|x64.ActiveCfg = Release - LLVM|x64
		{30A05C4D-F5FD-421C-A864-17A64BDEAA75}.Release Library|x64.Build.0 = Release - LLVM|x64
		{30A05C4D-F5FD-421C-A864-17A64BDEAA75}.Release Library|x86.ActiveCfg = Debug - LLVM|x64
		{30A05C4D-F5FD-421C-A864-17A64BDEAA75}.Release Library|x86.Build.0 = Debug - LLVM|x64
		{30A05C4D-F5FD-421C-A864-17A64BDEAA75}.Release|ARM.ActiveCfg = Release|x64
		{30A05C4D-F5FD-421C-A864-17A64BDEAA75}.Release|x64.ActiveCfg = Release|x64
		{30A05C4D-F5FD-421C-A864-17A64BDEAA75}.Release|x64.Build.0 = Release|x64
		{30A05C4D-F5FD-421C-A864-17A64BDEAA75}.Release|x86.ActiveCfg = Release|x64
		{78CB2F39-B809-4A06-8329-8C0A19119D3D}.Debug - LLVM|ARM.ActiveCfg = Debug - LLVM|x64
		{78CB2F39-B809-4A06-8329-8C0A19119D3D}.Debug - LLVM|x64.ActiveCfg = Debug - LLVM|x64
		{78CB2F39-B809-4A06-8329-8C0A19119D3D}.Debug - LLVM|x64.Build.0 = Debug - LLVM|x64
		{78CB2F39-B809-4A06-8329-8C0A19119D3D}.Debug - LLVM|x86.ActiveCfg = Debug - LLVM|x64
		{78CB2F39-B809-4A06-8329-8C0A19119D3D}.Debug - MemLeak|ARM.ActiveCfg = Debug - MemLeak|x64
		{78CB2F39-B809-4A06-8329-8C0A19119D3D}.Debug - MemLeak|x64.ActiveCfg = Debug - MemLeak|x64
		{78CB2F39-B809-4A06-8329-8C0A19119D3D}.Debug - MemLeak|x64.Build.0 = Debug - MemLeak|x64
		{78CB2F39-B809-4A06-8329-8C0A19119D3D}.Debug - MemLeak|x86.ActiveCfg = Debug - MemLeak|x64
		{78CB2F39-B809-4A06-8329-8C0A19119D3D}.Debug Library|ARM.ActiveCfg = Debug - LLVM|x64
		{78CB2F39-B809-4A06-8329-8C0A19119D3D}.Debug Library|ARM.Build.0 = Debug - LLVM|x64
		{78CB2F39-B809-4A06-8329-8C0A19119D3D}.Debug Library|x64.ActiveCfg = Debug - LLVM|x64
		{78CB2F39-B809-4A06-8329-8C0A19119D3D}.Debug Library|x64.Build.0 = Debug - LLVM|x64
		{78CB2F39-B809-4A06-8329-8C0A19119D3D}.Debug Library|x86.ActiveCfg = Debug - LLVM|x64
		{78CB2F39-B809-4A06-8329-8C0A19119D3D}.Debug Library|x86.Build.0 = Debug - LLVM|x64
		{78CB2F39-B809-4A06-8329-8C0A19119D3D}.Debug|ARM.ActiveCfg = Debug|x64
		{78CB2F39-B809-4A06-8329-8C0A19119D3D}.Debug|x64.ActiveCfg = Debug|x64
		{78CB2F39-B809-4A06-8329-8C0A19119D3D}.Debug|x64.Build.0 = Debug|x64
		{78CB2F39-B809-4A06-8329-8C0A19119D3D}.Debug|x86.ActiveCfg = Debug|x64
		{78CB2F39-B809-4A06-8329-8C0A19119D3D}.Release - LLVM|ARM.ActiveCfg = Release - LLVM|x64
		{78CB2F39-B809-4A06-8329-8C0A19119D3D}.Release - LLVM|x64.ActiveCfg = Release - LLVM|x64
		{78CB2F39-B809-4A06-8329-8C0A19119D3D}.Release - LLVM|x64.Build.0 = Release - LLVM|x64
		{78CB2F39-B809-4A06-8329-8C0A19119D3D}.Release - LLVM|x86.ActiveCfg = Release - LLVM|x64
		{78CB2F39-B809-4A06-8329-8C0A19119D3D}.Release Library|ARM.ActiveCfg = Debug - LLVM|x64
		{78CB2F39-B809-4A06-8329-8C0A19119D3D}.Release Library|ARM.Build.0 = Debug - LLVM|x64
		{78CB2F39-B809-4A06-8329-8C0A19119D3D}.Release Library|x64.ActiveCfg = Release - LLVM|x64
		{78CB2F39-B809-4A06-8329-8C0A19119D3D}.Release Library|x64.Build.0 = Release - LLVM|x64
		{78CB2F39-B809-4A06-8329-8C0A19119D3D}.Release Library|x86.ActiveCfg = Debug - LLVM|x64
		{78CB2F39-B809-4A06-8329-8C0A19119D3D}.Release Library|x86.Build.0 = Debug - LLVM|x64
		{78CB2F39-B809-4A06-8329-8C0A19119D3D}.Release|ARM.ActiveCfg = Release|x64
		{78CB2F39-B809-4A06-8329-8C0A19119D3D}.Release|x64.ActiveCfg = Release|x64
		{78CB2F39-B809-4A06-8329-8C0A19119D3D}.Release|x64.Build.0 = Release|x64
		{78CB2F39-B809-4A06-8329-8C0A19119D3D}.Release|x86.ActiveCfg = Release|x64
		{7A2E4C6D-5DD6-44CC-84E2-0641590F4BAB}.Debug - LLVM|ARM.ActiveCfg = Debug - LLVM|x64
		{7A2E4C6D-5DD6-44CC-84E2-0641590F4BAB}.Debug - LLVM|x64.ActiveCfg = Debug - LLVM|x64
		{7A2E4C6D-5DD6-44CC-84E2-0641590F4BAB}.Debug - LLVM|x64.Build.0 = Debug - LLVM|x64
		{7A2E4C6D-5DD6-44CC-84E2-0641590F4BAB}.Debug - LLVM|x86.ActiveCfg = Debug - LLVM|x64
		{7A2E4C6D-5DD6-44CC-84E2-0641590F4BAB}.Debug - MemLeak|ARM.ActiveCfg = Debug - MemLeak|x64
		{7A2E4C6D-5DD6-44CC-84E2-0641590F4BAB}.Debug - MemLeak|x64.ActiveCfg = Debug - MemLeak|x64
		{7A2E4C6D-5DD6-44CC-84E2-0641590F4BAB}.Debug - MemLeak|x64.Build.0 = Debug - MemLeak|x64
		{7A2E4C6D-5DD6-44CC-84E2-0641590F4BAB}.Debug - MemLeak|x86.ActiveCfg = Debug - MemLeak|x64
		{7A2E4C6D-5DD6-44CC-84E2-0641590F4BAB}.Debug Library|ARM.ActiveCfg = Debug - LLVM|x64
		{7A2E4C6D-5DD6-44CC-84E2-0641590F4BAB}.Debug Library|ARM.Build.0 = Debug - LLVM|x64
		{7A2E4C6D-5DD6-44CC-84E2-0641590F4BAB}.Debug Library|x64.ActiveCfg = Debug - LLVM|x64
		{7A2E4C6D-5DD6-44CC-84E2-0641590F4BAB}.Debug Library|x64.Build.0 = Debug - LLVM|x64
		{7A2E4C6D-5DD6-44CC-84E2-0641590F4BAB}.Debug Library|x86.ActiveCfg = Debug - LLVM|x64
		{7A2E4C6D-5DD6-44CC-84E2-0641590F4BAB}.Debug Library|x86.Build.0 = Debug - LLVM|x64
		{7A2E4C6D-5DD6-44CC-84E2-0641590F4BAB}.Debug|ARM.ActiveCfg = Debug|x64
		{7A2E4C6D-5DD6-44CC-84E2-0641590F4BAB}.Debug|x64.ActiveCfg = Debug|x64
		{7A2E4C6D-5DD6-44CC-84E2-0641590F4BAB}.Debug|x64.Build.0 = Debug|x64
		{7A2E4C6D-5DD6-44CC-84E2-0641590F4BAB}.Debug|x86.ActiveCfg = Debug|x64
		{7A2E4C6D-5DD6-44CC-84E2-0641590F4BAB}.Release - LLVM|ARM.ActiveCfg = Release - LLVM|x64
		{7A2E4C6D-5DD6-44CC-84E2-0641590F4BAB}.Release - LLVM|x64.ActiveCfg = Release - LLVM|x64
		{7A2E4C6D-5DD6-44CC-84E2-0641590F4BAB}.Release - LLVM|x64.Build.0 = Release - LLVM|x64
		{7A2E4C6D-5DD6-44CC-84E2-0641590F4BAB}.Release - LLVM|x86.ActiveCfg = Release - LLVM|x64
		{7A2E4C6D-5DD6-44CC-84E2-0641590F4BAB}.Release Library|ARM.ActiveCfg = Debug - LLVM|x64
		{7A2E4C6D-5DD6-44CC-84E2-0641590F4BAB}.Release Library|ARM.Build.0 = Debug - LLVM|x64
		{7A2E4C6D-5DD6-44CC-84E2-0641590F4BAB}.Release Library|x64.ActiveCfg = Release - LLVM|x64
		{7A2E4C6D-5DD6-44CC-84E2-0641590F4BAB}.Release Library|x64.Build.0 = Release - LLVM|x64
		{7A2E4C6D-5DD6-44CC-84E2-0641590F4BAB}.Release Library|x86.ActiveCfg = Debug - LLVM|x64
		{7A2E4C6D-5DD6-44CC-84E2-0641590F4BAB}.Release Library|x86.Build.0 = Debug - LLVM|x64
		{7A2E4C6D-5DD6-44CC-84E2-0641590F4BAB}.Release|ARM.ActiveCfg = Release|x64
		{7A2E4C6D-5DD6-44CC-84E2-0641590F4BAB}.Release|x64.ActiveCfg = Release|x64
		{7A2E4C6D-5DD6-44CC-84E2-0641590F4BAB}.Release|x64.Build.0 = Release|x64
		{7A2E4C6D-5DD6-44CC-84E2-0641590F4BAB}.Release|x86.ActiveCfg = Release|x64
	EndGlobalSection
	GlobalSection(SolutionProperties) = preSolution
		HideSolutionNode = FALSE
	EndGlobalSection
	GlobalSection(NestedProjects) = preSolution
		{AC40FF01-426E-4838-A317-66354CEFAE88} = {995D8F93-A705-4A9D-9872-B31B5BBEA399}
		{8BC303AB-25BE-4276-8E57-73F171B2D672} = {B0AC29FD-7B01-4B5E-9C8D-0A081E4C5668}
		{D6973076-9317-4EF2-A0B8-B7A18AC0713E} = {995D8F93-A705-4A9D-9872-B31B5BBEA399}
		{60F89955-91C6-3A36-8000-13C592FEC2DF} = {995D8F93-A705-4A9D-9872-B31B5BBEA399}
		{FDC361C5-7734-493B-8CFB-037308B35122} = {995D8F93-A705-4A9D-9872-B31B5BBEA399}
		{47124F04-4632-4928-BBDB-2D756C417C9A} = {5D70F51A-057D-4784-BBB7-7A3BAD2E3A90}
		{34677018-86D3-432A-B2BB-80586C130A9C} = {5D70F51A-057D-4784-BBB7-7A3BAD2E3A90}
		{20FDBAFD-1E34-47E9-91E9-D6B8EFD0CB5E} = {5D70F51A-057D-4784-BBB7-7A3BAD2E3A90}
		{7885F473-7286-4AE4-9DF0-55A77325DC0B} = {5D70F51A-057D-4784-BBB7-7A3BAD2E3A90}
		{1663FB57-335A-4B39-BFF1-00C08F5144DF} = {5D70F51A-057D-4784-BBB7-7A3BAD2E3A90}
		{4CF7FFA1-90E4-4E05-9131-BF19B550DD14} = {5D70F51A-057D-4784-BBB7-7A3BAD2E3A90}
		{3384223A-6D97-4799-9862-359F85312892} = {47124F04-4632-4928-BBDB-2D756C417C9A}
		{30A05C4D-F5FD-421C-A864-17A64BDEAA75} = {20FDBAFD-1E34-47E9-91E9-D6B8EFD0CB5E}
		{78CB2F39-B809-4A06-8329-8C0A19119D3D} = {20FDBAFD-1E34-47E9-91E9-D6B8EFD0CB5E}
		{7A2E4C6D-5DD6-44CC-84E2-0641590F4BAB} = {A008D287-E52F-4DCC-905D-7BA13969C3D2}
	EndGlobalSection
EndGlobal
