<?xml version="1.0" encoding="utf-8"?>
<Project ToolsVersion="4.0" xmlns="http://schemas.microsoft.com/developer/msbuild/2003">
  <ItemGroup>
    <Filter Include="include">
      <UniqueIdentifier>{7ebaeedc-9c3a-40a5-9545-6eeb1d867029}</UniqueIdentifier>
      <Extensions>h</Extensions>
    </Filter>
    <Filter Include="source">
      <UniqueIdentifier>{c3ffefb0-6b61-4c03-ae5c-bd5f3d419dc8}</UniqueIdentifier>
      <Extensions>cpp</Extensions>
    </Filter>
    <Filter Include="source\rsx">
      <UniqueIdentifier>{1c5494d8-50a8-4c22-85df-80a5b2294e71}</UniqueIdentifier>
    </Filter>
    <Filter Include="include\rsx">
      <UniqueIdentifier>{8e7add9c-4dac-43fd-9818-d74b6aff4b70}</UniqueIdentifier>
    </Filter>
    <Filter Include="include\cell">
      <UniqueIdentifier>{0ad19240-6e3d-40a0-93cd-d91429009817}</UniqueIdentifier>
    </Filter>
    <Filter Include="include\audio">
      <UniqueIdentifier>{df98f96c-5848-4e3f-a902-cb940ddeb0d5}</UniqueIdentifier>
    </Filter>
    <Filter Include="include\utils">
      <UniqueIdentifier>{efc38034-6dc0-4366-8402-6a76cd8c88db}</UniqueIdentifier>
    </Filter>
    <Filter Include="include\lv2">
      <UniqueIdentifier>{681bd27d-88d6-400c-9dcf-287a6f176530}</UniqueIdentifier>
    </Filter>
    <Filter Include="include\vm">
      <UniqueIdentifier>{a4d556b6-bfb3-4a29-8a6d-e55f81a0d24e}</UniqueIdentifier>
    </Filter>
    <Filter Include="source\cell">
      <UniqueIdentifier>{0b7369a5-0024-412f-8d3c-6afc171fa58f}</UniqueIdentifier>
    </Filter>
    <Filter Include="source\audio">
      <UniqueIdentifier>{7e827b6b-d891-477d-81ca-0b0ba538eb3e}</UniqueIdentifier>
    </Filter>
    <Filter Include="source\lv2">
      <UniqueIdentifier>{2ff7b258-22d5-4ebf-a075-be673b581781}</UniqueIdentifier>
    </Filter>
    <Filter Include="source\vm">
      <UniqueIdentifier>{65478cac-7281-4a67-8198-449c994f3bfa}</UniqueIdentifier>
    </Filter>
    <Filter Include="source\utils">
      <UniqueIdentifier>{0f301283-2f79-44df-a241-48795efa4c35}</UniqueIdentifier>
    </Filter>
    <Filter Include="include\cell\ppu">
      <UniqueIdentifier>{ccbb17ef-5dda-426c-b3c6-287f0d0244f4}</UniqueIdentifier>
    </Filter>
    <Filter Include="include\cell\spu">
      <UniqueIdentifier>{3b4bf429-79bf-43ae-9b96-f0c92844c9d8}</UniqueIdentifier>
    </Filter>
    <Filter Include="include\cell\raw_spu">
      <UniqueIdentifier>{c31a908e-f01e-477d-831c-7aba661774c6}</UniqueIdentifier>
    </Filter>
    <Filter Include="source\cell\spu">
      <UniqueIdentifier>{b4bab1bd-a1da-41eb-8931-65b978f11a18}</UniqueIdentifier>
    </Filter>
    <Filter Include="source\cell\ppu">
      <UniqueIdentifier>{a972bcdb-bca6-40bc-a95a-0c81ab87a25a}</UniqueIdentifier>
    </Filter>
    <Filter Include="source\cell\raw_spu">
      <UniqueIdentifier>{93166023-2426-4f8d-9ff5-60616be9130b}</UniqueIdentifier>
    </Filter>
    <Filter Include="source\eapi">
      <UniqueIdentifier>{120d2417-3968-4b99-b11b-7865271fda9a}</UniqueIdentifier>
    </Filter>
  </ItemGroup>
  <ItemGroup>
    <ClCompile Include="source\rsx\rsx_cache.cpp">
      <Filter>source\rsx</Filter>
    </ClCompile>
    <ClCompile Include="source\rsx\rsx_methods.cpp">
      <Filter>source\rsx</Filter>
    </ClCompile>
    <ClCompile Include="source\rsx\rsx_render.cpp">
      <Filter>source\rsx</Filter>
    </ClCompile>
    <ClCompile Include="source\rsx\rsx_texture.cpp">
      <Filter>source\rsx</Filter>
    </ClCompile>
    <ClCompile Include="source\rsx\rsx_thread.cpp">
      <Filter>source\rsx</Filter>
    </ClCompile>
    <ClCompile Include="source\rsx\rsx_utils.cpp">
      <Filter>source\rsx</Filter>
    </ClCompile>
    <ClCompile Include="source\unself.cpp">
      <Filter>source</Filter>
    </ClCompile>
    <ClCompile Include="source\version.cpp">
      <Filter>source</Filter>
    </ClCompile>
    <ClCompile Include="source\vfs.cpp">
      <Filter>source</Filter>
    </ClCompile>
    <ClCompile Include="source\gcm.cpp">
      <Filter>source</Filter>
    </ClCompile>
    <ClCompile Include="source\id_manager.cpp">
      <Filter>source</Filter>
    </ClCompile>
    <ClCompile Include="source\pch.cpp">
      <Filter>source</Filter>
    </ClCompile>
    <ClCompile Include="source\psf.cpp">
      <Filter>source</Filter>
    </ClCompile>
    <ClCompile Include="source\stb_image.cpp">
      <Filter>source</Filter>
    </ClCompile>
    <ClCompile Include="source\system.cpp">
      <Filter>source</Filter>
    </ClCompile>
    <ClCompile Include="source\tropusr.cpp">
      <Filter>source</Filter>
    </ClCompile>
    <ClCompile Include="source\trp.cpp">
      <Filter>source</Filter>
    </ClCompile>
    <ClCompile Include="source\unedat.cpp">
      <Filter>source</Filter>
    </ClCompile>
    <ClCompile Include="source\unpkg.cpp">
      <Filter>source</Filter>
    </ClCompile>
    <ClCompile Include="source\vm\memory.cpp">
      <Filter>source\vm</Filter>
    </ClCompile>
    <ClCompile Include="source\vm\vm.cpp">
      <Filter>source\vm</Filter>
    </ClCompile>
    <ClCompile Include="source\vm\wait_engine.cpp">
      <Filter>source\vm</Filter>
    </ClCompile>
    <ClCompile Include="source\utils\utils_crypto_utils.cpp">
      <Filter>source\utils</Filter>
    </ClCompile>
    <ClCompile Include="source\utils\utils_dynamic_library.cpp">
      <Filter>source\utils</Filter>
    </ClCompile>
    <ClCompile Include="source\utils\utils_ec.cpp">
      <Filter>source\utils</Filter>
    </ClCompile>
    <ClCompile Include="source\utils\utils_file.cpp">
      <Filter>source\utils</Filter>
    </ClCompile>
    <ClCompile Include="source\utils\utils_fmt.cpp">
      <Filter>source\utils</Filter>
    </ClCompile>
    <ClCompile Include="source\utils\utils_jit.cpp">
      <Filter>source\utils</Filter>
    </ClCompile>
    <ClCompile Include="source\utils\utils_key_vault.cpp">
      <Filter>source\utils</Filter>
    </ClCompile>
    <ClCompile Include="source\utils\utils_log.cpp">
      <Filter>source\utils</Filter>
    </ClCompile>
    <ClCompile Include="source\utils\utils_lz.cpp">
      <Filter>source\utils</Filter>
    </ClCompile>
    <ClCompile Include="source\utils\utils_platform.cpp">
      <Filter>source\utils</Filter>
    </ClCompile>
    <ClCompile Include="source\utils\utils_semaphore.cpp">
      <Filter>source\utils</Filter>
    </ClCompile>
    <ClCompile Include="source\utils\utils_sha1.cpp">
      <Filter>source\utils</Filter>
    </ClCompile>
    <ClCompile Include="source\utils\utils_shared_mutex.cpp">
      <Filter>source\utils</Filter>
    </ClCompile>
    <ClCompile Include="source\utils\utils_thread.cpp">
      <Filter>source\utils</Filter>
    </ClCompile>
    <ClCompile Include="source\utils\utils_version.cpp">
      <Filter>source\utils</Filter>
    </ClCompile>
    <ClCompile Include="source\utils\utils_virtual_memory.cpp">
      <Filter>source\utils</Filter>
    </ClCompile>
    <ClCompile Include="source\utils\utils_xml.cpp">
      <Filter>source\utils</Filter>
    </ClCompile>
    <ClCompile Include="source\utils\utils_aes.cpp">
      <Filter>source\utils</Filter>
    </ClCompile>
    <ClCompile Include="source\utils\utils_auto_pause.cpp">
      <Filter>source\utils</Filter>
    </ClCompile>
    <ClCompile Include="source\utils\utils_config.cpp">
      <Filter>source\utils</Filter>
    </ClCompile>
    <ClCompile Include="source\lv2\sys_fs.cpp">
      <Filter>source\lv2</Filter>
    </ClCompile>
    <ClCompile Include="source\lv2\sys_interrupt.cpp">
      <Filter>source\lv2</Filter>
    </ClCompile>
    <ClCompile Include="source\lv2\sys_lwcond.cpp">
      <Filter>source\lv2</Filter>
    </ClCompile>
    <ClCompile Include="source\lv2\sys_lwmutex.cpp">
      <Filter>source\lv2</Filter>
    </ClCompile>
    <ClCompile Include="source\lv2\sys_memory.cpp">
      <Filter>source\lv2</Filter>
    </ClCompile>
    <ClCompile Include="source\lv2\sys_mmapper.cpp">
      <Filter>source\lv2</Filter>
    </ClCompile>
    <ClCompile Include="source\lv2\sys_mutex.cpp">
      <Filter>source\lv2</Filter>
    </ClCompile>
    <ClCompile Include="source\lv2\sys_ppu_thread.cpp">
      <Filter>source\lv2</Filter>
    </ClCompile>
    <ClCompile Include="source\lv2\sys_process.cpp">
      <Filter>source\lv2</Filter>
    </ClCompile>
    <ClCompile Include="source\lv2\sys_prx.cpp">
      <Filter>source\lv2</Filter>
    </ClCompile>
    <ClCompile Include="source\lv2\sys_rsx.cpp">
      <Filter>source\lv2</Filter>
    </ClCompile>
    <ClCompile Include="source\lv2\sys_rwlock.cpp">
      <Filter>source\lv2</Filter>
    </ClCompile>
    <ClCompile Include="source\lv2\sys_semaphore.cpp">
      <Filter>source\lv2</Filter>
    </ClCompile>
    <ClCompile Include="source\lv2\sys_spu.cpp">
      <Filter>source\lv2</Filter>
    </ClCompile>
    <ClCompile Include="source\lv2\sys_time.cpp">
      <Filter>source\lv2</Filter>
    </ClCompile>
    <ClCompile Include="source\lv2\sys_timer.cpp">
      <Filter>source\lv2</Filter>
    </ClCompile>
    <ClCompile Include="source\lv2\sys_trace.cpp">
      <Filter>source\lv2</Filter>
    </ClCompile>
    <ClCompile Include="source\lv2\sys_tty.cpp">
      <Filter>source\lv2</Filter>
    </ClCompile>
    <ClCompile Include="source\lv2\sys_vm.cpp">
      <Filter>source\lv2</Filter>
    </ClCompile>
    <ClCompile Include="source\lv2\lv2.cpp">
      <Filter>source\lv2</Filter>
    </ClCompile>
    <ClCompile Include="source\lv2\sys_cond.cpp">
      <Filter>source\lv2</Filter>
    </ClCompile>
    <ClCompile Include="source\lv2\sys_dbg.cpp">
      <Filter>source\lv2</Filter>
    </ClCompile>
    <ClCompile Include="source\lv2\sys_event.cpp">
      <Filter>source\lv2</Filter>
    </ClCompile>
    <ClCompile Include="source\lv2\sys_event_flag.cpp">
      <Filter>source\lv2</Filter>
    </ClCompile>
    <ClCompile Include="source\audio\audio_dumper.cpp">
      <Filter>source\audio</Filter>
    </ClCompile>
    <ClCompile Include="source\cell\cpu_thread.cpp">
      <Filter>source\cell</Filter>
    </ClCompile>
    <ClCompile Include="source\cell\ppu\ppu_callback.cpp">
      <Filter>source\cell\ppu</Filter>
    </ClCompile>
    <ClCompile Include="source\cell\ppu\ppu_function.cpp">
      <Filter>source\cell\ppu</Filter>
    </ClCompile>
    <ClCompile Include="source\cell\ppu\ppu_module.cpp">
      <Filter>source\cell\ppu</Filter>
    </ClCompile>
    <ClCompile Include="source\cell\ppu\ppu_thread.cpp">
      <Filter>source\cell\ppu</Filter>
    </ClCompile>
    <ClCompile Include="source\cell\ppu\ppu_analyser.cpp">
      <Filter>source\cell\ppu</Filter>
    </ClCompile>
    <ClCompile Include="source\cell\raw_spu\raw_spu_thread.cpp">
      <Filter>source\cell\raw_spu</Filter>
    </ClCompile>
    <ClCompile Include="source\cell\spu\spu_thread.cpp">
      <Filter>source\cell\spu</Filter>
    </ClCompile>
    <ClCompile Include="source\cell\spu\mfc.cpp">
      <Filter>source\cell\spu</Filter>
    </ClCompile>
    <ClCompile Include="source\eapi\eapi_thread.cpp">
      <Filter>source\eapi</Filter>
    </ClCompile>
    <ClCompile Include="source\eapi\eapi_emulator.cpp">
      <Filter>source\eapi</Filter>
    </ClCompile>
    <ClCompile Include="source\eapi\eapi_executable.cpp">
      <Filter>source\eapi</Filter>
    </ClCompile>
  </ItemGroup>
  <ItemGroup>
    <ClInclude Include="include\rpcs3\rsx\fragment_program.h">
      <Filter>include\rsx</Filter>
    </ClInclude>
    <ClInclude Include="include\rpcs3\rsx\vertex_program.h">
      <Filter>include\rsx</Filter>
    </ClInclude>
    <ClInclude Include="include\rpcs3\rsx\cache.h">
      <Filter>include\rsx</Filter>
    </ClInclude>
    <ClInclude Include="include\rpcs3\rsx\utils.h">
      <Filter>include\rsx</Filter>
    </ClInclude>
    <ClInclude Include="include\rpcs3\rsx\render.h">
      <Filter>include\rsx</Filter>
    </ClInclude>
    <ClInclude Include="include\rpcs3\rsx\methods.h">
      <Filter>include\rsx</Filter>
    </ClInclude>
    <ClInclude Include="include\rpcs3\rsx\texture.h">
      <Filter>include\rsx</Filter>
    </ClInclude>
    <ClInclude Include="include\rpcs3\rsx\thread.h">
      <Filter>include\rsx</Filter>
    </ClInclude>
    <ClInclude Include="include\rpcs3\unself.h">
      <Filter>include</Filter>
    </ClInclude>
    <ClInclude Include="include\rpcs3\version.h">
      <Filter>include</Filter>
    </ClInclude>
    <ClInclude Include="include\rpcs3\vfs.h">
      <Filter>include</Filter>
    </ClInclude>
    <ClInclude Include="include\rpcs3\dbg_command.h">
      <Filter>include</Filter>
    </ClInclude>
    <ClInclude Include="include\rpcs3\elf.h">
      <Filter>include</Filter>
    </ClInclude>
    <ClInclude Include="include\rpcs3\game_info.h">
      <Filter>include</Filter>
    </ClInclude>
    <ClInclude Include="include\rpcs3\gcm.h">
      <Filter>include</Filter>
    </ClInclude>
    <ClInclude Include="include\rpcs3\id_manager.h">
      <Filter>include</Filter>
    </ClInclude>
    <ClInclude Include="include\rpcs3\ipc.h">
      <Filter>include</Filter>
    </ClInclude>
    <ClInclude Include="include\rpcs3\keyboard.h">
      <Filter>include</Filter>
    </ClInclude>
    <ClInclude Include="include\rpcs3\mouse.h">
      <Filter>include</Filter>
    </ClInclude>
    <ClInclude Include="include\rpcs3\pad.h">
      <Filter>include</Filter>
    </ClInclude>
    <ClInclude Include="include\rpcs3\pch.h">
      <Filter>include</Filter>
    </ClInclude>
    <ClInclude Include="include\rpcs3\psf.h">
      <Filter>include</Filter>
    </ClInclude>
    <ClInclude Include="include\rpcs3\system.h">
      <Filter>include</Filter>
    </ClInclude>
    <ClInclude Include="include\rpcs3\tropusr.h">
      <Filter>include</Filter>
    </ClInclude>
    <ClInclude Include="include\rpcs3\trp.h">
      <Filter>include</Filter>
    </ClInclude>
    <ClInclude Include="include\rpcs3\unedat.h">
      <Filter>include</Filter>
    </ClInclude>
    <ClInclude Include="include\rpcs3\unpkg.h">
      <Filter>include</Filter>
    </ClInclude>
    <ClInclude Include="include\rpcs3\audio\dumper.h">
      <Filter>include\audio</Filter>
    </ClInclude>
    <ClInclude Include="include\rpcs3\audio\thread.h">
      <Filter>include\audio</Filter>
    </ClInclude>
    <ClInclude Include="include\rpcs3\cell\disasm.h">
      <Filter>include\cell</Filter>
    </ClInclude>
    <ClInclude Include="include\rpcs3\cell\disasm_base.h">
      <Filter>include\cell</Filter>
    </ClInclude>
    <ClInclude Include="include\rpcs3\cell\error_codes.h">
      <Filter>include\cell</Filter>
    </ClInclude>
    <ClInclude Include="include\rpcs3\cell\thread.h">
      <Filter>include\cell</Filter>
    </ClInclude>
    <ClInclude Include="include\rpcs3\cell\common.h">
      <Filter>include\cell</Filter>
    </ClInclude>
    <ClInclude Include="include\rpcs3\cell\ppu\callback.h">
      <Filter>include\cell\ppu</Filter>
    </ClInclude>
    <ClInclude Include="include\rpcs3\cell\ppu\function.h">
      <Filter>include\cell\ppu</Filter>
    </ClInclude>
    <ClInclude Include="include\rpcs3\cell\ppu\module.h">
      <Filter>include\cell\ppu</Filter>
    </ClInclude>
    <ClInclude Include="include\rpcs3\cell\ppu\opcodes.h">
      <Filter>include\cell\ppu</Filter>
    </ClInclude>
    <ClInclude Include="include\rpcs3\cell\ppu\thread.h">
      <Filter>include\cell\ppu</Filter>
    </ClInclude>
    <ClInclude Include="include\rpcs3\cell\ppu\analyser.h">
      <Filter>include\cell\ppu</Filter>
    </ClInclude>
    <ClInclude Include="include\rpcs3\cell\raw_spu\thread.h">
      <Filter>include\cell\raw_spu</Filter>
    </ClInclude>
    <ClInclude Include="include\rpcs3\cell\spu\mfc.h">
      <Filter>include\cell\spu</Filter>
    </ClInclude>
    <ClInclude Include="include\rpcs3\cell\spu\opcodes.h">
      <Filter>include\cell\spu</Filter>
    </ClInclude>
    <ClInclude Include="include\rpcs3\cell\spu\thread.h">
      <Filter>include\cell\spu</Filter>
    </ClInclude>
    <ClInclude Include="include\rpcs3\lv2\sys_lwcond.h">
      <Filter>include\lv2</Filter>
    </ClInclude>
    <ClInclude Include="include\rpcs3\lv2\sys_lwmutex.h">
      <Filter>include\lv2</Filter>
    </ClInclude>
    <ClInclude Include="include\rpcs3\lv2\sys_memory.h">
      <Filter>include\lv2</Filter>
    </ClInclude>
    <ClInclude Include="include\rpcs3\lv2\sys_mmapper.h">
      <Filter>include\lv2</Filter>
    </ClInclude>
    <ClInclude Include="include\rpcs3\lv2\sys_mutex.h">
      <Filter>include\lv2</Filter>
    </ClInclude>
    <ClInclude Include="include\rpcs3\lv2\sys_ppu_thread.h">
      <Filter>include\lv2</Filter>
    </ClInclude>
    <ClInclude Include="include\rpcs3\lv2\sys_process.h">
      <Filter>include\lv2</Filter>
    </ClInclude>
    <ClInclude Include="include\rpcs3\lv2\sys_prx.h">
      <Filter>include\lv2</Filter>
    </ClInclude>
    <ClInclude Include="include\rpcs3\lv2\sys_rsx.h">
      <Filter>include\lv2</Filter>
    </ClInclude>
    <ClInclude Include="include\rpcs3\lv2\sys_rwlock.h">
      <Filter>include\lv2</Filter>
    </ClInclude>
    <ClInclude Include="include\rpcs3\lv2\sys_semaphore.h">
      <Filter>include\lv2</Filter>
    </ClInclude>
    <ClInclude Include="include\rpcs3\lv2\sys_spu.h">
      <Filter>include\lv2</Filter>
    </ClInclude>
    <ClInclude Include="include\rpcs3\lv2\sys_sync.h">
      <Filter>include\lv2</Filter>
    </ClInclude>
    <ClInclude Include="include\rpcs3\lv2\sys_time.h">
      <Filter>include\lv2</Filter>
    </ClInclude>
    <ClInclude Include="include\rpcs3\lv2\sys_timer.h">
      <Filter>include\lv2</Filter>
    </ClInclude>
    <ClInclude Include="include\rpcs3\lv2\sys_trace.h">
      <Filter>include\lv2</Filter>
    </ClInclude>
    <ClInclude Include="include\rpcs3\lv2\sys_tty.h">
      <Filter>include\lv2</Filter>
    </ClInclude>
    <ClInclude Include="include\rpcs3\lv2\sys_vm.h">
      <Filter>include\lv2</Filter>
    </ClInclude>
    <ClInclude Include="include\rpcs3\lv2\sys_cond.h">
      <Filter>include\lv2</Filter>
    </ClInclude>
    <ClInclude Include="include\rpcs3\lv2\sys_dbg.h">
      <Filter>include\lv2</Filter>
    </ClInclude>
    <ClInclude Include="include\rpcs3\lv2\sys_event.h">
      <Filter>include\lv2</Filter>
    </ClInclude>
    <ClInclude Include="include\rpcs3\lv2\sys_event_flag.h">
      <Filter>include\lv2</Filter>
    </ClInclude>
    <ClInclude Include="include\rpcs3\lv2\sys_fs.h">
      <Filter>include\lv2</Filter>
    </ClInclude>
    <ClInclude Include="include\rpcs3\lv2\sys_interrupt.h">
      <Filter>include\lv2</Filter>
    </ClInclude>
    <ClInclude Include="include\rpcs3\utils\be_t.h">
      <Filter>include\utils</Filter>
    </ClInclude>
    <ClInclude Include="include\rpcs3\utils\bf_t.h">
      <Filter>include\utils</Filter>
    </ClInclude>
    <ClInclude Include="include\rpcs3\utils\bitset_t.h">
      <Filter>include\utils</Filter>
    </ClInclude>
    <ClInclude Include="include\rpcs3\utils\config.h">
      <Filter>include\utils</Filter>
    </ClInclude>
    <ClInclude Include="include\rpcs3\utils\crypto_utils.h">
      <Filter>include\utils</Filter>
    </ClInclude>
    <ClInclude Include="include\rpcs3\utils\dll_export.h">
      <Filter>include\utils</Filter>
    </ClInclude>
    <ClInclude Include="include\rpcs3\utils\dynamic_library.h">
      <Filter>include\utils</Filter>
    </ClInclude>
    <ClInclude Include="include\rpcs3\utils\ec.h">
      <Filter>include\utils</Filter>
    </ClInclude>
    <ClInclude Include="include\rpcs3\utils\event.h">
      <Filter>include\utils</Filter>
    </ClInclude>
    <ClInclude Include="include\rpcs3\utils\file.h">
      <Filter>include\utils</Filter>
    </ClInclude>
    <ClInclude Include="include\rpcs3\utils\fmt.h">
      <Filter>include\utils</Filter>
    </ClInclude>
    <ClInclude Include="include\rpcs3\utils\geometry.h">
      <Filter>include\utils</Filter>
    </ClInclude>
    <ClInclude Include="include\rpcs3\utils\gsl.h">
      <Filter>include\utils</Filter>
    </ClInclude>
    <ClInclude Include="include\rpcs3\utils\interval.h">
      <Filter>include\utils</Filter>
    </ClInclude>
    <ClInclude Include="include\rpcs3\utils\jit.h">
      <Filter>include\utils</Filter>
    </ClInclude>
    <ClInclude Include="include\rpcs3\utils\key_vault.h">
      <Filter>include\utils</Filter>
    </ClInclude>
    <ClInclude Include="include\rpcs3\utils\lockless.h">
      <Filter>include\utils</Filter>
    </ClInclude>
    <ClInclude Include="include\rpcs3\utils\log.h">
      <Filter>include\utils</Filter>
    </ClInclude>
    <ClInclude Include="include\rpcs3\utils\lz.h">
      <Filter>include\utils</Filter>
    </ClInclude>
    <ClInclude Include="include\rpcs3\utils\macro.h">
      <Filter>include\utils</Filter>
    </ClInclude>
    <ClInclude Include="include\rpcs3\utils\platform.h">
      <Filter>include\utils</Filter>
    </ClInclude>
    <ClInclude Include="include\rpcs3\utils\semaphore.h">
      <Filter>include\utils</Filter>
    </ClInclude>
    <ClInclude Include="include\rpcs3\utils\sha1.h">
      <Filter>include\utils</Filter>
    </ClInclude>
    <ClInclude Include="include\rpcs3\utils\shared_mutex.h">
      <Filter>include\utils</Filter>
    </ClInclude>
    <ClInclude Include="include\rpcs3\utils\sleep_queue.h">
      <Filter>include\utils</Filter>
    </ClInclude>
    <ClInclude Include="include\rpcs3\utils\strutil.h">
      <Filter>include\utils</Filter>
    </ClInclude>
    <ClInclude Include="include\rpcs3\utils\sync.h">
      <Filter>include\utils</Filter>
    </ClInclude>
    <ClInclude Include="include\rpcs3\utils\thread.h">
      <Filter>include\utils</Filter>
    </ClInclude>
    <ClInclude Include="include\rpcs3\utils\timer.h">
      <Filter>include\utils</Filter>
    </ClInclude>
    <ClInclude Include="include\rpcs3\utils\types.h">
      <Filter>include\utils</Filter>
    </ClInclude>
    <ClInclude Include="include\rpcs3\utils\version.h">
      <Filter>include\utils</Filter>
    </ClInclude>
    <ClInclude Include="include\rpcs3\utils\virtual_memory.h">
      <Filter>include\utils</Filter>
    </ClInclude>
    <ClInclude Include="include\rpcs3\utils\xml.h">
      <Filter>include\utils</Filter>
    </ClInclude>
    <ClInclude Include="include\rpcs3\utils\aes.h">
      <Filter>include\utils</Filter>
    </ClInclude>
    <ClInclude Include="include\rpcs3\utils\atomic.h">
      <Filter>include\utils</Filter>
    </ClInclude>
    <ClInclude Include="include\rpcs3\utils\atomic_ptr.h">
      <Filter>include\utils</Filter>
    </ClInclude>
    <ClInclude Include="include\rpcs3\utils\auto_pause.h">
      <Filter>include\utils</Filter>
    </ClInclude>
    <ClInclude Include="include\rpcs3\vm\memory.h">
      <Filter>include\vm</Filter>
    </ClInclude>
    <ClInclude Include="include\rpcs3\vm\memory_block.h">
      <Filter>include\vm</Filter>
    </ClInclude>
    <ClInclude Include="include\rpcs3\vm\ptr.h">
      <Filter>include\vm</Filter>
    </ClInclude>
    <ClInclude Include="include\rpcs3\vm\ref.h">
      <Filter>include\vm</Filter>
    </ClInclude>
    <ClInclude Include="include\rpcs3\vm\var.h">
      <Filter>include\vm</Filter>
    </ClInclude>
    <ClInclude Include="include\rpcs3\vm\vm.h">
      <Filter>include\vm</Filter>
    </ClInclude>
    <ClInclude Include="include\rpcs3\vm\wait_engine.h">
      <Filter>include\vm</Filter>
    </ClInclude>
  </ItemGroup>
</Project>