<?xml version="1.0" encoding="utf-8"?>
<Project ToolsVersion="4.0" xmlns="http://schemas.microsoft.com/developer/msbuild/2003">
  <ItemGroup>
    <ClCompile Include="GLCommonDecompiler.cpp" />
    <ClCompile Include="GLFragmentProgram.cpp" />
    <ClCompile Include="GLGSRender.cpp" />
    <ClCompile Include="GLVertexProgram.cpp" />
    <ClCompile Include="gl_helpers.cpp" />
    <ClCompile Include="gl_render_targets.cpp" />
    <ClCompile Include="OpenGL.cpp" />
    <ClCompile Include="rsx_gl_cache.cpp" />
    <ClCompile Include="rsx_gl_texture.cpp" />
    <ClCompile Include="vertex_buffer.cpp" />
  </ItemGroup>
  <ItemGroup>
    <ClInclude Include="GLCommonDecompiler.h" />
    <ClInclude Include="GLFragmentProgram.h" />
    <ClInclude Include="GLGSRender.h" />
    <ClInclude Include="GLProcTable.h" />
    <ClInclude Include="GLProgramBuffer.h" />
    <ClInclude Include="GLVertexProgram.h" />
    <ClInclude Include="gl_helpers.h" />
    <ClInclude Include="gl_render_targets.h" />
    <ClInclude Include="gl_texture_cache.h" />
    <ClInclude Include="OpenGL.h" />
    <ClInclude Include="rsx_gl_cache.h" />
    <ClInclude Include="rsx_gl_texture.h" />
  </ItemGroup>
</Project>