<?xml version="1.0" encoding="utf-8"?>
<Project ToolsVersion="4.0" xmlns="http://schemas.microsoft.com/developer/msbuild/2003">
  <ItemGroup>
    <Filter Include="include">
      <UniqueIdentifier>{f989818f-d3aa-4795-a26a-582f37866333}</UniqueIdentifier>
    </Filter>
    <Filter Include="source">
      <UniqueIdentifier>{8acb372f-b25a-4535-bc2e-7d24e52a96fb}</UniqueIdentifier>
    </Filter>
  </ItemGroup>
  <ItemGroup>
    <ClInclude Include="include\utils\event.h">
      <Filter>include</Filter>
    </ClInclude>
    <ClInclude Include="include\utils\hashers.h">
      <Filter>include</Filter>
    </ClInclude>
    <ClInclude Include="include\utils\string_ref.h">
      <Filter>include</Filter>
    </ClInclude>
  </ItemGroup>
  <ItemGroup>
    <ClCompile Include="source\event.cpp">
      <Filter>source</Filter>
    </ClCompile>
  </ItemGroup>
</Project>